
Microsoft Visual Studio Solution File, Format Version 12.00
# Visual Studio Version 17
VisualStudioVersion = 17.11.35219.272
MinimumVisualStudioVersion = 10.0.40219.1
Project("{2150E333-8FDC-42A3-9474-1A3956D46DE8}") = "Lecture_02", "Lecture_02", "{8BD9A1D2-6659-40A6-BE3A-BC3D76E92028}"
EndProject
Project("{8BC9CEB8-8B4A-11D0-8D11-00A0C91BC942}") = "1_IsInclude7", "Windows\Lecture_2\IsInclude7\IsInclude7.vcxproj", "{336D9ECC-201A-47A3-8DBE-AE934F232F28}"
EndProject
Project("{8BC9CEB8-8B4A-11D0-8D11-00A0C91BC942}") = "2_TestProstoty", "Windows\Lecture_2\TestProstoty\TestProstoty.vcxproj", "{7D929CDA-5029-4F33-A484-25F035451AA1}"
EndProject
Project("{8BC9CEB8-8B4A-11D0-8D11-00A0C91BC942}") = "3_RazlozhNaMnozhiteli", "Windows\Lecture_2\RazlozhNaMnozhiteli\RazlozhNaMnozhiteli.vcxproj", "{CA80F12D-85F7-47CA-B376-740ED20ED218}"
EndProject
Project("{2150E333-8FDC-42A3-9474-1A3956D46DE8}") = "Lecture_03", "Lecture_03", "{A784CBA6-6E07-4EB6-B698-1D74CF44D110}"
EndProject
Project("{8BC9CEB8-8B4A-11D0-8D11-00A0C91BC942}") = "Expressions", "Windows\Lecture_3\Expressions\Expressions.vcxproj", "{7FD6EEE5-4C96-449F-8165-F7729716344E}"
EndProject
Project("{2150E333-8FDC-42A3-9474-1A3956D46DE8}") = "Lecture_04", "Lecture_04", "{95ACA36F-4D0F-41D9-9DF8-947CFB5D001C}"
EndProject
Project("{8BC9CEB8-8B4A-11D0-8D11-00A0C91BC942}") = "SieveOfEratosthenes", "Windows\Lecture_4\SieveOfEratosthenes\SieveOfEratosthenes.vcxproj", "{1A72FD93-E085-4C46-9B7B-9C169A80D0F2}"
EndProject
Project("{2150E333-8FDC-42A3-9474-1A3956D46DE8}") = "Lecture_05", "Lecture_05", "{8CB679DB-A067-4CD1-B966-1248F1C16D07}"
EndProject
Project("{8BC9CEB8-8B4A-11D0-8D11-00A0C91BC942}") = "ArrayResize", "Windows\Lecture_5\ArrayResize\ArrayResize.vcxproj", "{0C45D2AC-6F5D-4D87-8638-0EDE9687567A}"
EndProject
Project("{8BC9CEB8-8B4A-11D0-8D11-00A0C91BC942}") = "Stack", "Windows\Lecture_5\Stack\Stack.vcxproj", "{D31FF858-3ABE-47CA-9F09-678ACF83D907}"
EndProject
Project("{8BC9CEB8-8B4A-11D0-8D11-00A0C91BC942}") = "CheckSort", "Windows\Lecture_5\CheckSort\CheckSort.vcxproj", "{BAEBBCA5-2D81-4A4E-8BE4-93D351234795}"
EndProject
Project("{8BC9CEB8-8B4A-11D0-8D11-00A0C91BC942}") = "lec_05_BubbleSort", "Windows\Lecture_5\lec_05\lec_05.vcxproj", "{29377CB2-F033-4393-B85F-5D7223E171FC}"
EndProject
Project("{2150E333-8FDC-42A3-9474-1A3956D46DE8}") = "Lecture_06", "Lecture_06", "{B3532D52-62FC-4AFC-BAA3-A23A1D36A03A}"
EndProject
Project("{8BC9CEB8-8B4A-11D0-8D11-00A0C91BC942}") = "lec_6", "Windows\Lecture_6\lec_6\lec_6.vcxproj", "{8F48C1DC-41B3-4FE3-9FC2-76A7D29E9018}"
EndProject
Project("{8BC9CEB8-8B4A-11D0-8D11-00A0C91BC942}") = "malloc_c", "Windows\Lecture_6\malloc_c\malloc_c.vcxproj", "{A9275E8C-766F-4760-9B6C-75C72AE728D2}"
EndProject
Project("{2150E333-8FDC-42A3-9474-1A3956D46DE8}") = "Lecture_07", "Lecture_07", "{32C5928E-3D83-4AAB-9BBC-E993E8CAEE28}"
EndProject
Project("{8BC9CEB8-8B4A-11D0-8D11-00A0C91BC942}") = "TwoDimensionArray", "Windows\Lecture_7\TwoDimensionArray\TwoDimensionArray.vcxproj", "{12F8C955-B158-4DE4-B601-7944A407C6BA}"
EndProject
Project("{8BC9CEB8-8B4A-11D0-8D11-00A0C91BC942}") = "TwoDimensionDynamicArray", "Windows\Lecture_7\TwoDimensionDynamicArray\TwoDimensionDynamicArray.vcxproj", "{2E9A5F68-5C5F-42E9-ABA3-882A660FCA87}"
EndProject
Project("{2150E333-8FDC-42A3-9474-1A3956D46DE8}") = "Lecture_08", "Lecture_08", "{5BC6E63B-44E7-430F-B167-54BBBB0F5854}"
EndProject
Project("{8BC9CEB8-8B4A-11D0-8D11-00A0C91BC942}") = "01_Find", "Windows\Lecture_8\Find\Find.vcxproj", "{8DDF6B67-7B3F-4A9C-BF74-1110B2CE8B1C}"
EndProject
Project("{8BC9CEB8-8B4A-11D0-8D11-00A0C91BC942}") = "04_InsertSort", "Windows\Lecture_8\InsertSort\InsertSort.vcxproj", "{07895C95-B91D-4270-B8A2-3121E22CB569}"
EndProject
Project("{8BC9CEB8-8B4A-11D0-8D11-00A0C91BC942}") = "02_BinarySearch", "Windows\Lecture_8\02_BinarySearch\02_BinarySearch.vcxproj", "{B721E1F1-54D0-4CB3-B495-B75C1529DF35}"
EndProject
Project("{8BC9CEB8-8B4A-11D0-8D11-00A0C91BC942}") = "03_ChoiceSort", "Windows\Lecture_8\03_ChoiceSort\03_ChoiceSort.vcxproj", "{399112CD-8CA2-49B1-BA92-2EB442146425}"
EndProject
Project("{8BC9CEB8-8B4A-11D0-8D11-00A0C91BC942}") = "05_SortingByCounting", "Windows\Lecture_8\05_SortingByCounting\05_SortingByCounting.vcxproj", "{3D369964-D4E9-4FE6-A9CB-B8C5B813FE63}"
EndProject
Project("{8BC9CEB8-8B4A-11D0-8D11-00A0C91BC942}") = "06_RadixSort", "Windows\Lecture_8\06_RadixSort\06_RadixSort.vcxproj", "{F3B9F32D-4A5B-4985-A6F1-DBBB0824BD95}"
EndProject
Project("{2150E333-8FDC-42A3-9474-1A3956D46DE8}") = "Lecture_09", "Lecture_09", "{B5775264-9D55-4F4A-9F34-1CC47D839297}"
EndProject
Project("{8BC9CEB8-8B4A-11D0-8D11-00A0C91BC942}") = "01_Factorial", "Windows\Lecture_9\01_Factorial\01_Factorial.vcxproj", "{ABA3C982-8B54-4BFC-88D8-9FCEA334FFC5}"
EndProject
Project("{8BC9CEB8-8B4A-11D0-8D11-00A0C91BC942}") = "02_Euclidean", "Windows\Lecture_9\02_Euclidean\02_Euclidean.vcxproj", "{BA7603F0-A09C-4ECB-A377-CDCC12333A1E}"
EndProject
Project("{8BC9CEB8-8B4A-11D0-8D11-00A0C91BC942}") = "03_HanoiTower", "Windows\Lecture_9\03_HanoiTower\03_HanoiTower.vcxproj", "{A23B36A9-7C45-4ED6-B7A3-04D2683A9583}"
EndProject
Project("{8BC9CEB8-8B4A-11D0-8D11-00A0C91BC942}") = "04_BinGen", "Windows\Lecture_9\04_BinGen\04_BinGen.vcxproj", "{6DE6FD1F-E68E-43C4-8085-E3286C884D24}"
EndProject
Project("{8BC9CEB8-8B4A-11D0-8D11-00A0C91BC942}") = "1_My_Include7", "Windows\Lecture_2\1_My_Include7\1_My_Include7.vcxproj", "{7BA3DE7F-EEDB-43A2-AB6A-EF72F1DF4C8F}"
EndProject
Project("{8BC9CEB8-8B4A-11D0-8D11-00A0C91BC942}") = "2_MyTestProstoty", "Windows\Lecture_2\02_MyTestProstoty\02_MyTestProstoty.vcxproj", "{7C09A318-D710-41FB-A5EB-58B2EE939119}"
EndProject
Project("{8BC9CEB8-8B4A-11D0-8D11-00A0C91BC942}") = "My_Expressions", "Windows\Lecture_3\My_Expressions\My_Expressions.vcxproj", "{BC0187AC-22D0-4B67-982B-9AFB9FF77982}"
EndProject
Project("{8BC9CEB8-8B4A-11D0-8D11-00A0C91BC942}") = "My_SieveOfEratosthenes", "Windows\Lecture_4\My_SieveOfEratosthenes\My_SieveOfEratosthenes.vcxproj", "{37393E10-061B-40A7-8FF7-5231866E96E6}"
EndProject
Project("{8BC9CEB8-8B4A-11D0-8D11-00A0C91BC942}") = "My_arrayResize", "Windows\Lecture_5\My_arrayResize\My_arrayResize.vcxproj", "{7E9CFAD0-63DD-4760-9DAA-49748066E65D}"
EndProject
Project("{2150E333-8FDC-42A3-9474-1A3956D46DE8}") = "Sort", "Sort", "{3C2303C8-456B-4203-8998-E28F81CCE764}"
EndProject
Project("{8BC9CEB8-8B4A-11D0-8D11-00A0C91BC942}") = "My_CheckSort", "Windows\Lecture_5\My_CheckSort\My_CheckSort.vcxproj", "{D259E216-5CB5-4CBA-9839-8123CEADAE88}"
EndProject
Project("{8BC9CEB8-8B4A-11D0-8D11-00A0C91BC942}") = "01_Bubble", "Windows\Sort\01_Bubble\01_Bubble.vcxproj", "{52A5996F-8FA2-4A16-9DC3-1DC3687E58F6}"
EndProject
Project("{8BC9CEB8-8B4A-11D0-8D11-00A0C91BC942}") = "02_Check", "Windows\Sort\02_Check\02_Check.vcxproj", "{687266D2-EDB5-491C-842A-0AC2321C3765}"
EndProject
Project("{8BC9CEB8-8B4A-11D0-8D11-00A0C91BC942}") = "03_Select", "Windows\Sort\03_Select\03_Select.vcxproj", "{B1480C29-C5DA-485E-9CD1-8C21ACA17291}"
EndProject
Project("{8BC9CEB8-8B4A-11D0-8D11-00A0C91BC942}") = "04_Insert", "Windows\Sort\04_Insert\04_Insert.vcxproj", "{2FDF919B-74D3-4991-9119-EAA95067A666}"
EndProject
Project("{8BC9CEB8-8B4A-11D0-8D11-00A0C91BC942}") = "05_SortingByCountingSort", "Windows\Sort\05_SortingByCountingSort\05_SortingByCountingSort.vcxproj", "{02F8D337-47C2-4279-89F3-BAD75255AECA}"
EndProject
Project("{8BC9CEB8-8B4A-11D0-8D11-00A0C91BC942}") = "06_SortRadix", "Windows\Sort\06_SortRadix\06_SortRadix.vcxproj", "{26AAA5BA-1641-4ACB-9756-6733F7B22C88}"
EndProject
Project("{2150E333-8FDC-42A3-9474-1A3956D46DE8}") = "Lecture_22", "Lecture_22", "{1B77438F-AFCF-471B-AC21-3E657CB322F5}"
EndProject
Project("{8BC9CEB8-8B4A-11D0-8D11-00A0C91BC942}") = "01_BubbleWiki", "Windows\Sort\01_BubbleWiki\01_BubbleWiki.vcxproj", "{70823476-88EF-4358-BEA7-F41F8CF1F99C}"
EndProject
Project("{8BC9CEB8-8B4A-11D0-8D11-00A0C91BC942}") = "My_BubbleSort", "Windows\Lecture_5\My_BubbleSort\My_BubbleSort.vcxproj", "{E992D1F1-4BBB-4918-8D73-8F7BFB45C42C}"
EndProject
Project("{8BC9CEB8-8B4A-11D0-8D11-00A0C91BC942}") = "02_My_BinarySearch", "Windows\Lecture_8\02_My_BinarySearch\02_My_BinarySearch.vcxproj", "{75765D2A-F9B0-4050-BBB0-2AB8BFB053CB}"
EndProject
Project("{8BC9CEB8-8B4A-11D0-8D11-00A0C91BC942}") = "03_MyChoiceSort", "Windows\Lecture_8\03_MyChoiceSort\03_MyChoiceSort.vcxproj", "{A836A631-050F-4C16-9518-566C9ED6E7F5}"
EndProject
Project("{8BC9CEB8-8B4A-11D0-8D11-00A0C91BC942}") = "04_MyInsertSort", "Windows\Lecture_8\04_MyInsertSort\04_MyInsertSort.vcxproj", "{240440F1-9197-41CA-B39B-21358A6C78FA}"
EndProject
Project("{8BC9CEB8-8B4A-11D0-8D11-00A0C91BC942}") = "05_MySortingByCounting", "Windows\Lecture_8\05_MySortingByCounting\05_MySortingByCounting.vcxproj", "{FDEB792B-DF0A-4355-9E08-80E31A3DD215}"
EndProject
Project("{8BC9CEB8-8B4A-11D0-8D11-00A0C91BC942}") = "06_MyRadixSort", "Windows\Lecture_8\06_MyRadixSort\06_MyRadixSort.vcxproj", "{1DA21984-1C0A-4A40-928F-0DD3ACD80B6B}"
EndProject
Project("{8BC9CEB8-8B4A-11D0-8D11-00A0C91BC942}") = "02_MyEuclidean", "Windows\Lecture_9\02_MyEuclidean\02_MyEuclidean.vcxproj", "{EF8F75DA-4B5F-4A84-90CA-10C9DF25EE28}"
EndProject
Project("{8BC9CEB8-8B4A-11D0-8D11-00A0C91BC942}") = "03_MyHanoiTower", "Windows\Lecture_9\03_MyHanoiTower\03_MyHanoiTower.vcxproj", "{477253EA-1F19-443E-A684-D8B2E20138AF}"
EndProject
Project("{8BC9CEB8-8B4A-11D0-8D11-00A0C91BC942}") = "04_MyBinGen", "Windows\Lecture_9\04_MyBinGen\04_MyBinGen.vcxproj", "{FFE59B90-5CC7-4746-A533-8E5DDADA29FA}"
EndProject
Project("{2150E333-8FDC-42A3-9474-1A3956D46DE8}") = "Lecture_10", "Lecture_10", "{73D36987-B0FE-4602-9E02-D390FE252C02}"
EndProject
Project("{8BC9CEB8-8B4A-11D0-8D11-00A0C91BC942}") = "01_Permutations", "Windows\Lecture_10\01_Permutations\01_Permutations.vcxproj", "{0770921E-12CE-425F-BEBF-2B52ECAB6F7A}"
EndProject
Project("{8BC9CEB8-8B4A-11D0-8D11-00A0C91BC942}") = "02_MergeSort", "Windows\Lecture_10\02_MergeSort\02_MergeSort.vcxproj", "{7796B06F-5A4E-42ED-A408-11A19B837D00}"
EndProject
Project("{8BC9CEB8-8B4A-11D0-8D11-00A0C91BC942}") = "01_MyPermutations", "Windows\Lecture_10\01_MyPermutations\01_MyPermutations.vcxproj", "{D2248E59-3E39-40C3-8101-719D04489A19}"
EndProject
Project("{8BC9CEB8-8B4A-11D0-8D11-00A0C91BC942}") = "02_MyMergeSort", "Windows\Lecture_10\02_MyMergeSort\02_MyMergeSort.vcxproj", "{4258457A-9EF2-40D5-8C93-86BCC5B7B9EA}"
EndProject
Project("{2150E333-8FDC-42A3-9474-1A3956D46DE8}") = "Lecture_11", "Lecture_11", "{02EA681E-C7D8-13C7-8484-4AC65E1B71E8}"
EndProject
Project("{8BC9CEB8-8B4A-11D0-8D11-00A0C91BC942}") = "01_fibonacci", "Windows\Lecture_11\01_fibonacci\01_fibonacci.vcxproj", "{D95C5F2A-C161-49CF-BA72-357850AFF530}"
EndProject
Project("{8BC9CEB8-8B4A-11D0-8D11-00A0C91BC942}") = "02_kuznechik", "Windows\Lecture_11\02_kuznechik\02_kuznechik.vcxproj", "{F5811083-7B61-40DB-8E64-1DC06E747858}"
EndProject
Project("{2150E333-8FDC-42A3-9474-1A3956D46DE8}") = "Lecture_12", "Lecture_12", "{F27BD3B7-9608-466B-98E6-A389F39E28E3}"
EndProject
Project("{8BC9CEB8-8B4A-11D0-8D11-00A0C91BC942}") = "01_ant", "Windows\Lecture_12\01_ant\01_ant.vcxproj", "{A9105D0D-FE37-4802-A3B5-DFFFB9EC3FDA}"
EndProject
Project("{8BC9CEB8-8B4A-11D0-8D11-00A0C91BC942}") = "03_backpack", "Windows\Lecture_12\03_bagpack\03_bagpack.vcxproj", "{D6672E06-729C-47FA-BBEB-C2F05ADF0E83}"
EndProject
Project("{8BC9CEB8-8B4A-11D0-8D11-00A0C91BC942}") = "02_ant_array", "Windows\Lecture_12\02_ant_array\02_ant_array.vcxproj", "{C1CF8CBC-2A27-4E03-8DA1-52ED1BB2873A}"
EndProject
Project("{8BC9CEB8-8B4A-11D0-8D11-00A0C91BC942}") = "01_My_fibonacci", "Windows\Lecture_11\01_My_fibonacci\01_My_fibonacci.vcxproj", "{51291BED-00EE-4B99-91BF-FB035ADE635B}"
EndProject
Project("{8BC9CEB8-8B4A-11D0-8D11-00A0C91BC942}") = "02_My_kuznechik", "Windows\Lecture_11\02_My_kuznechik\02_My_kuznechik.vcxproj", "{79AF7735-D9A1-4377-943F-68F9D8011DE6}"
EndProject
Project("{8BC9CEB8-8B4A-11D0-8D11-00A0C91BC942}") = "01_My_ant", "Windows\Lecture_12\01_My_ant\01_My_ant.vcxproj", "{47A682E3-28DB-4559-A2AA-7B0C4900993C}"
EndProject
Project("{8BC9CEB8-8B4A-11D0-8D11-00A0C91BC942}") = "02_My_ant_array", "Windows\Lecture_12\02_My_ant_array\02_My_ant_array.vcxproj", "{9DC18E3D-F713-4439-B264-98574C995E58}"
EndProject
Project("{8BC9CEB8-8B4A-11D0-8D11-00A0C91BC942}") = "03_My_backpack", "Windows\Lecture_12\03_My_backpack\03_My_backpack.vcxproj", "{E34E7CB4-0E43-4C46-9926-B7282A3B7694}"
EndProject
Project("{2150E333-8FDC-42A3-9474-1A3956D46DE8}") = "Lecture_13", "Lecture_13", "{A07A65BA-75FC-4B4C-B416-8BE29A158C97}"
EndProject
Project("{8BC9CEB8-8B4A-11D0-8D11-00A0C91BC942}") = "1_strCat_problem", "Windows\Lecture_13\1_strCat_problem\1_strCat_problem.vcxproj", "{AF53A858-95B9-48DC-A872-51B6269DBE56}"
EndProject
Project("{8BC9CEB8-8B4A-11D0-8D11-00A0C91BC942}") = "2_strCat_Solution", "Windows\Lecture_13\2_strCat_Solution\2_strCat_Solution.vcxproj", "{B1A78A6E-F950-4D7D-B430-4D63C413CEBE}"
EndProject
Project("{8BC9CEB8-8B4A-11D0-8D11-00A0C91BC942}") = "3_levenstein", "Windows\Lecture_13\3_levenstein\3_levenstein.vcxproj", "{6ECAE1D8-05A1-4831-9A34-AA1E25D48EE2}"
EndProject
Project("{2150E333-8FDC-42A3-9474-1A3956D46DE8}") = "Lecture_14", "Lecture_14", "{68BC870C-78B3-4B60-864E-40C17F9723A6}"
EndProject
Project("{8BC9CEB8-8B4A-11D0-8D11-00A0C91BC942}") = "1_list", "Windows\Lecture_14\1_list\1_list.vcxproj", "{79498142-C721-43D4-A177-1B2F15E2FD9F}"
EndProject
Project("{8BC9CEB8-8B4A-11D0-8D11-00A0C91BC942}") = "2_prefix_kmp", "Windows\Lecture_14\2_dist\2_dist.vcxproj", "{3BCEFB2C-4459-4359-BAC1-C2CA82F951C7}"
EndProject
Project("{2150E333-8FDC-42A3-9474-1A3956D46DE8}") = "Lecture_16", "Lecture_16", "{7CD78245-8BE1-4885-958E-F68E182B4AA0}"
EndProject
Project("{8BC9CEB8-8B4A-11D0-8D11-00A0C91BC942}") = "1_vector_usage", "Windows\Lecture_16\1_vector_usage\1_vector_usage.vcxproj", "{98ADB19F-8ECF-417B-BFFB-CFAC6CD9ABBD}"
EndProject
Project("{8BC9CEB8-8B4A-11D0-8D11-00A0C91BC942}") = "2_list_usage", "Windows\Lecture_16\2_list_usage\2_list_usage.vcxproj", "{A67E23DF-BF2B-4DBE-88F9-C82F4AF6ACB6}"
EndProject
Project("{2150E333-8FDC-42A3-9474-1A3956D46DE8}") = "Lecture_17", "Lecture_17", "{D2B9E73C-3FA3-4E65-98F6-D647E9E112BD}"
EndProject
Project("{8BC9CEB8-8B4A-11D0-8D11-00A0C91BC942}") = "1_simple_class", "Windows\Lecture_17\1_simple_class\1_simple_class.vcxproj", "{21DE666C-C64A-436C-9070-E5239755419E}"
EndProject
Project("{8BC9CEB8-8B4A-11D0-8D11-00A0C91BC942}") = "2_overloading", "Windows\Lecture_17\2_overloading\2_overloading.vcxproj", "{5A1FBFF1-BD0A-49A8-8DAF-9D08F931B49E}"
EndProject
Project("{8BC9CEB8-8B4A-11D0-8D11-00A0C91BC942}") = "3_abs_template", "Windows\Lecture_17\3_abs_template\3_abs_template.vcxproj", "{DAE1FB29-C9D4-4239-8668-40C9DA6492EE}"
EndProject
Project("{2150E333-8FDC-42A3-9474-1A3956D46DE8}") = "Lecture_18", "Lecture_18", "{C52B2EA3-E696-4F6A-A89B-07585648067F}"
EndProject
Project("{8BC9CEB8-8B4A-11D0-8D11-00A0C91BC942}") = "1_fin_automata_1", "Windows\Lecture_18\1_fin_automata_1\1_fin_automata_1.vcxproj", "{D989CA00-E07F-466B-97A1-DFD1EB7FEC0B}"
EndProject
Project("{8BC9CEB8-8B4A-11D0-8D11-00A0C91BC942}") = "2_fin_automata_2", "Windows\Lecture_18\2_fin_automata_2\2_fin_automata_2.vcxproj", "{ED1AE733-3E93-469A-944C-073691079678}"
EndProject
Project("{8BC9CEB8-8B4A-11D0-8D11-00A0C91BC942}") = "1_My_strCat_problem", "Windows\Lecture_13\1_My_strCat_problem\1_My_strCat_problem.vcxproj", "{E2BDFA77-4872-4E10-8BA5-1D354E6089D0}"
EndProject
Project("{8BC9CEB8-8B4A-11D0-8D11-00A0C91BC942}") = "2_My_strCat_Solution", "Windows\Lecture_13\2_My_strCat_Solution\2_My_strCat_Solution.vcxproj", "{05F16BF1-FA3D-4EDC-831E-44B5B84AABD5}"
EndProject
Project("{8BC9CEB8-8B4A-11D0-8D11-00A0C91BC942}") = "3_My_levenstein", "Windows\Lecture_13\3_My_levenstein\3_My_levenstein.vcxproj", "{E6B19885-4F18-4FF3-B7F7-5D0D8EC86594}"
EndProject
Project("{8BC9CEB8-8B4A-11D0-8D11-00A0C91BC942}") = "1_My_list", "Windows\Lecture_14\1_My_list\1_My_list.vcxproj", "{49E56714-7038-4495-94D0-D82DD5FC2EC6}"
EndProject
Project("{8BC9CEB8-8B4A-11D0-8D11-00A0C91BC942}") = "2_My_prefix_kmp", "Windows\Lecture_14\2_My_prefix_kmp\2_My_prefix_kmp.vcxproj", "{BFB4B9E9-E1B9-4915-B43E-42389E0DCEBA}"
EndProject
Project("{8BC9CEB8-8B4A-11D0-8D11-00A0C91BC942}") = "1_My_vector_usage", "Windows\Lecture_16\1_My_vector_usage\1_My_vector_usage.vcxproj", "{DB1B7607-F515-46D5-95D3-CD10715827E9}"
EndProject
Project("{8BC9CEB8-8B4A-11D0-8D11-00A0C91BC942}") = "2_My_list_usage", "Windows\Lecture_16\2_My_list_usage\2_My_list_usage.vcxproj", "{67476FE7-6BB8-4010-9B4E-841D4ED79BA5}"
EndProject
Project("{2150E333-8FDC-42A3-9474-1A3956D46DE8}") = "Lecture_19", "Lecture_19", "{65A63791-E897-41F8-81A2-16558BE6A5F5}"
EndProject
Project("{8BC9CEB8-8B4A-11D0-8D11-00A0C91BC942}") = "1_rabin_karp", "Windows\Lecture_19\1_rabin_karp\1_rabin_karp.vcxproj", "{CE6DE408-11DD-4F8A-BFFE-5B4333B8BAB0}"
EndProject
Project("{2150E333-8FDC-42A3-9474-1A3956D46DE8}") = "Lecture_21", "Lecture_21", "{CCC02892-B5A9-480F-88FA-A9B15A6CE055}"
EndProject
Project("{8BC9CEB8-8B4A-11D0-8D11-00A0C91BC942}") = "1_set", "Windows\Lecture_21\1_set\1_set.vcxproj", "{478B0BE1-7974-44AB-9E9A-3BFFA615C72C}"
EndProject
Project("{8BC9CEB8-8B4A-11D0-8D11-00A0C91BC942}") = "2_unordered", "Windows\Lecture_21\2_set\2_set.vcxproj", "{D961FA4F-F58B-4F11-9C9F-40E4480DEE38}"
EndProject
Global
	GlobalSection(SolutionConfigurationPlatforms) = preSolution
		Debug|x64 = Debug|x64
		Debug|x86 = Debug|x86
		Release|x64 = Release|x64
		Release|x86 = Release|x86
	EndGlobalSection
	GlobalSection(ProjectConfigurationPlatforms) = postSolution
		{336D9ECC-201A-47A3-8DBE-AE934F232F28}.Debug|x64.ActiveCfg = Debug|x64
		{336D9ECC-201A-47A3-8DBE-AE934F232F28}.Debug|x64.Build.0 = Debug|x64
		{336D9ECC-201A-47A3-8DBE-AE934F232F28}.Debug|x86.ActiveCfg = Debug|Win32
		{336D9ECC-201A-47A3-8DBE-AE934F232F28}.Debug|x86.Build.0 = Debug|Win32
		{336D9ECC-201A-47A3-8DBE-AE934F232F28}.Release|x64.ActiveCfg = Release|x64
		{336D9ECC-201A-47A3-8DBE-AE934F232F28}.Release|x64.Build.0 = Release|x64
		{336D9ECC-201A-47A3-8DBE-AE934F232F28}.Release|x86.ActiveCfg = Release|Win32
		{336D9ECC-201A-47A3-8DBE-AE934F232F28}.Release|x86.Build.0 = Release|Win32
		{7D929CDA-5029-4F33-A484-25F035451AA1}.Debug|x64.ActiveCfg = Debug|x64
		{7D929CDA-5029-4F33-A484-25F035451AA1}.Debug|x64.Build.0 = Debug|x64
		{7D929CDA-5029-4F33-A484-25F035451AA1}.Debug|x86.ActiveCfg = Debug|Win32
		{7D929CDA-5029-4F33-A484-25F035451AA1}.Debug|x86.Build.0 = Debug|Win32
		{7D929CDA-5029-4F33-A484-25F035451AA1}.Release|x64.ActiveCfg = Release|x64
		{7D929CDA-5029-4F33-A484-25F035451AA1}.Release|x64.Build.0 = Release|x64
		{7D929CDA-5029-4F33-A484-25F035451AA1}.Release|x86.ActiveCfg = Release|Win32
		{7D929CDA-5029-4F33-A484-25F035451AA1}.Release|x86.Build.0 = Release|Win32
		{CA80F12D-85F7-47CA-B376-740ED20ED218}.Debug|x64.ActiveCfg = Debug|x64
		{CA80F12D-85F7-47CA-B376-740ED20ED218}.Debug|x64.Build.0 = Debug|x64
		{CA80F12D-85F7-47CA-B376-740ED20ED218}.Debug|x86.ActiveCfg = Debug|Win32
		{CA80F12D-85F7-47CA-B376-740ED20ED218}.Debug|x86.Build.0 = Debug|Win32
		{CA80F12D-85F7-47CA-B376-740ED20ED218}.Release|x64.ActiveCfg = Release|x64
		{CA80F12D-85F7-47CA-B376-740ED20ED218}.Release|x64.Build.0 = Release|x64
		{CA80F12D-85F7-47CA-B376-740ED20ED218}.Release|x86.ActiveCfg = Release|Win32
		{CA80F12D-85F7-47CA-B376-740ED20ED218}.Release|x86.Build.0 = Release|Win32
		{7FD6EEE5-4C96-449F-8165-F7729716344E}.Debug|x64.ActiveCfg = Debug|x64
		{7FD6EEE5-4C96-449F-8165-F7729716344E}.Debug|x64.Build.0 = Debug|x64
		{7FD6EEE5-4C96-449F-8165-F7729716344E}.Debug|x86.ActiveCfg = Debug|Win32
		{7FD6EEE5-4C96-449F-8165-F7729716344E}.Debug|x86.Build.0 = Debug|Win32
		{7FD6EEE5-4C96-449F-8165-F7729716344E}.Release|x64.ActiveCfg = Release|x64
		{7FD6EEE5-4C96-449F-8165-F7729716344E}.Release|x64.Build.0 = Release|x64
		{7FD6EEE5-4C96-449F-8165-F7729716344E}.Release|x86.ActiveCfg = Release|Win32
		{7FD6EEE5-4C96-449F-8165-F7729716344E}.Release|x86.Build.0 = Release|Win32
		{1A72FD93-E085-4C46-9B7B-9C169A80D0F2}.Debug|x64.ActiveCfg = Debug|x64
		{1A72FD93-E085-4C46-9B7B-9C169A80D0F2}.Debug|x64.Build.0 = Debug|x64
		{1A72FD93-E085-4C46-9B7B-9C169A80D0F2}.Debug|x86.ActiveCfg = Debug|Win32
		{1A72FD93-E085-4C46-9B7B-9C169A80D0F2}.Debug|x86.Build.0 = Debug|Win32
		{1A72FD93-E085-4C46-9B7B-9C169A80D0F2}.Release|x64.ActiveCfg = Release|x64
		{1A72FD93-E085-4C46-9B7B-9C169A80D0F2}.Release|x64.Build.0 = Release|x64
		{1A72FD93-E085-4C46-9B7B-9C169A80D0F2}.Release|x86.ActiveCfg = Release|Win32
		{1A72FD93-E085-4C46-9B7B-9C169A80D0F2}.Release|x86.Build.0 = Release|Win32
		{0C45D2AC-6F5D-4D87-8638-0EDE9687567A}.Debug|x64.ActiveCfg = Debug|x64
		{0C45D2AC-6F5D-4D87-8638-0EDE9687567A}.Debug|x64.Build.0 = Debug|x64
		{0C45D2AC-6F5D-4D87-8638-0EDE9687567A}.Debug|x86.ActiveCfg = Debug|Win32
		{0C45D2AC-6F5D-4D87-8638-0EDE9687567A}.Debug|x86.Build.0 = Debug|Win32
		{0C45D2AC-6F5D-4D87-8638-0EDE9687567A}.Release|x64.ActiveCfg = Release|x64
		{0C45D2AC-6F5D-4D87-8638-0EDE9687567A}.Release|x64.Build.0 = Release|x64
		{0C45D2AC-6F5D-4D87-8638-0EDE9687567A}.Release|x86.ActiveCfg = Release|Win32
		{0C45D2AC-6F5D-4D87-8638-0EDE9687567A}.Release|x86.Build.0 = Release|Win32
		{D31FF858-3ABE-47CA-9F09-678ACF83D907}.Debug|x64.ActiveCfg = Debug|x64
		{D31FF858-3ABE-47CA-9F09-678ACF83D907}.Debug|x64.Build.0 = Debug|x64
		{D31FF858-3ABE-47CA-9F09-678ACF83D907}.Debug|x86.ActiveCfg = Debug|Win32
		{D31FF858-3ABE-47CA-9F09-678ACF83D907}.Debug|x86.Build.0 = Debug|Win32
		{D31FF858-3ABE-47CA-9F09-678ACF83D907}.Release|x64.ActiveCfg = Release|x64
		{D31FF858-3ABE-47CA-9F09-678ACF83D907}.Release|x64.Build.0 = Release|x64
		{D31FF858-3ABE-47CA-9F09-678ACF83D907}.Release|x86.ActiveCfg = Release|Win32
		{D31FF858-3ABE-47CA-9F09-678ACF83D907}.Release|x86.Build.0 = Release|Win32
		{BAEBBCA5-2D81-4A4E-8BE4-93D351234795}.Debug|x64.ActiveCfg = Debug|x64
		{BAEBBCA5-2D81-4A4E-8BE4-93D351234795}.Debug|x64.Build.0 = Debug|x64
		{BAEBBCA5-2D81-4A4E-8BE4-93D351234795}.Debug|x86.ActiveCfg = Debug|Win32
		{BAEBBCA5-2D81-4A4E-8BE4-93D351234795}.Debug|x86.Build.0 = Debug|Win32
		{BAEBBCA5-2D81-4A4E-8BE4-93D351234795}.Release|x64.ActiveCfg = Release|x64
		{BAEBBCA5-2D81-4A4E-8BE4-93D351234795}.Release|x64.Build.0 = Release|x64
		{BAEBBCA5-2D81-4A4E-8BE4-93D351234795}.Release|x86.ActiveCfg = Release|Win32
		{BAEBBCA5-2D81-4A4E-8BE4-93D351234795}.Release|x86.Build.0 = Release|Win32
		{29377CB2-F033-4393-B85F-5D7223E171FC}.Debug|x64.ActiveCfg = Debug|x64
		{29377CB2-F033-4393-B85F-5D7223E171FC}.Debug|x64.Build.0 = Debug|x64
		{29377CB2-F033-4393-B85F-5D7223E171FC}.Debug|x86.ActiveCfg = Debug|Win32
		{29377CB2-F033-4393-B85F-5D7223E171FC}.Debug|x86.Build.0 = Debug|Win32
		{29377CB2-F033-4393-B85F-5D7223E171FC}.Release|x64.ActiveCfg = Release|x64
		{29377CB2-F033-4393-B85F-5D7223E171FC}.Release|x64.Build.0 = Release|x64
		{29377CB2-F033-4393-B85F-5D7223E171FC}.Release|x86.ActiveCfg = Release|Win32
		{29377CB2-F033-4393-B85F-5D7223E171FC}.Release|x86.Build.0 = Release|Win32
		{8F48C1DC-41B3-4FE3-9FC2-76A7D29E9018}.Debug|x64.ActiveCfg = Debug|x64
		{8F48C1DC-41B3-4FE3-9FC2-76A7D29E9018}.Debug|x64.Build.0 = Debug|x64
		{8F48C1DC-41B3-4FE3-9FC2-76A7D29E9018}.Debug|x86.ActiveCfg = Debug|Win32
		{8F48C1DC-41B3-4FE3-9FC2-76A7D29E9018}.Debug|x86.Build.0 = Debug|Win32
		{8F48C1DC-41B3-4FE3-9FC2-76A7D29E9018}.Release|x64.ActiveCfg = Release|x64
		{8F48C1DC-41B3-4FE3-9FC2-76A7D29E9018}.Release|x64.Build.0 = Release|x64
		{8F48C1DC-41B3-4FE3-9FC2-76A7D29E9018}.Release|x86.ActiveCfg = Release|Win32
		{8F48C1DC-41B3-4FE3-9FC2-76A7D29E9018}.Release|x86.Build.0 = Release|Win32
		{A9275E8C-766F-4760-9B6C-75C72AE728D2}.Debug|x64.ActiveCfg = Debug|x64
		{A9275E8C-766F-4760-9B6C-75C72AE728D2}.Debug|x64.Build.0 = Debug|x64
		{A9275E8C-766F-4760-9B6C-75C72AE728D2}.Debug|x86.ActiveCfg = Debug|Win32
		{A9275E8C-766F-4760-9B6C-75C72AE728D2}.Debug|x86.Build.0 = Debug|Win32
		{A9275E8C-766F-4760-9B6C-75C72AE728D2}.Release|x64.ActiveCfg = Release|x64
		{A9275E8C-766F-4760-9B6C-75C72AE728D2}.Release|x64.Build.0 = Release|x64
		{A9275E8C-766F-4760-9B6C-75C72AE728D2}.Release|x86.ActiveCfg = Release|Win32
		{A9275E8C-766F-4760-9B6C-75C72AE728D2}.Release|x86.Build.0 = Release|Win32
		{12F8C955-B158-4DE4-B601-7944A407C6BA}.Debug|x64.ActiveCfg = Debug|x64
		{12F8C955-B158-4DE4-B601-7944A407C6BA}.Debug|x64.Build.0 = Debug|x64
		{12F8C955-B158-4DE4-B601-7944A407C6BA}.Debug|x86.ActiveCfg = Debug|Win32
		{12F8C955-B158-4DE4-B601-7944A407C6BA}.Debug|x86.Build.0 = Debug|Win32
		{12F8C955-B158-4DE4-B601-7944A407C6BA}.Release|x64.ActiveCfg = Release|x64
		{12F8C955-B158-4DE4-B601-7944A407C6BA}.Release|x64.Build.0 = Release|x64
		{12F8C955-B158-4DE4-B601-7944A407C6BA}.Release|x86.ActiveCfg = Release|Win32
		{12F8C955-B158-4DE4-B601-7944A407C6BA}.Release|x86.Build.0 = Release|Win32
		{2E9A5F68-5C5F-42E9-ABA3-882A660FCA87}.Debug|x64.ActiveCfg = Debug|x64
		{2E9A5F68-5C5F-42E9-ABA3-882A660FCA87}.Debug|x64.Build.0 = Debug|x64
		{2E9A5F68-5C5F-42E9-ABA3-882A660FCA87}.Debug|x86.ActiveCfg = Debug|Win32
		{2E9A5F68-5C5F-42E9-ABA3-882A660FCA87}.Debug|x86.Build.0 = Debug|Win32
		{2E9A5F68-5C5F-42E9-ABA3-882A660FCA87}.Release|x64.ActiveCfg = Release|x64
		{2E9A5F68-5C5F-42E9-ABA3-882A660FCA87}.Release|x64.Build.0 = Release|x64
		{2E9A5F68-5C5F-42E9-ABA3-882A660FCA87}.Release|x86.ActiveCfg = Release|Win32
		{2E9A5F68-5C5F-42E9-ABA3-882A660FCA87}.Release|x86.Build.0 = Release|Win32
		{8DDF6B67-7B3F-4A9C-BF74-1110B2CE8B1C}.Debug|x64.ActiveCfg = Debug|x64
		{8DDF6B67-7B3F-4A9C-BF74-1110B2CE8B1C}.Debug|x64.Build.0 = Debug|x64
		{8DDF6B67-7B3F-4A9C-BF74-1110B2CE8B1C}.Debug|x86.ActiveCfg = Debug|Win32
		{8DDF6B67-7B3F-4A9C-BF74-1110B2CE8B1C}.Debug|x86.Build.0 = Debug|Win32
		{8DDF6B67-7B3F-4A9C-BF74-1110B2CE8B1C}.Release|x64.ActiveCfg = Release|x64
		{8DDF6B67-7B3F-4A9C-BF74-1110B2CE8B1C}.Release|x64.Build.0 = Release|x64
		{8DDF6B67-7B3F-4A9C-BF74-1110B2CE8B1C}.Release|x86.ActiveCfg = Release|Win32
		{8DDF6B67-7B3F-4A9C-BF74-1110B2CE8B1C}.Release|x86.Build.0 = Release|Win32
		{07895C95-B91D-4270-B8A2-3121E22CB569}.Debug|x64.ActiveCfg = Debug|x64
		{07895C95-B91D-4270-B8A2-3121E22CB569}.Debug|x64.Build.0 = Debug|x64
		{07895C95-B91D-4270-B8A2-3121E22CB569}.Debug|x86.ActiveCfg = Debug|Win32
		{07895C95-B91D-4270-B8A2-3121E22CB569}.Debug|x86.Build.0 = Debug|Win32
		{07895C95-B91D-4270-B8A2-3121E22CB569}.Release|x64.ActiveCfg = Release|x64
		{07895C95-B91D-4270-B8A2-3121E22CB569}.Release|x64.Build.0 = Release|x64
		{07895C95-B91D-4270-B8A2-3121E22CB569}.Release|x86.ActiveCfg = Release|Win32
		{07895C95-B91D-4270-B8A2-3121E22CB569}.Release|x86.Build.0 = Release|Win32
		{B721E1F1-54D0-4CB3-B495-B75C1529DF35}.Debug|x64.ActiveCfg = Debug|x64
		{B721E1F1-54D0-4CB3-B495-B75C1529DF35}.Debug|x64.Build.0 = Debug|x64
		{B721E1F1-54D0-4CB3-B495-B75C1529DF35}.Debug|x86.ActiveCfg = Debug|Win32
		{B721E1F1-54D0-4CB3-B495-B75C1529DF35}.Debug|x86.Build.0 = Debug|Win32
		{B721E1F1-54D0-4CB3-B495-B75C1529DF35}.Release|x64.ActiveCfg = Release|x64
		{B721E1F1-54D0-4CB3-B495-B75C1529DF35}.Release|x64.Build.0 = Release|x64
		{B721E1F1-54D0-4CB3-B495-B75C1529DF35}.Release|x86.ActiveCfg = Release|Win32
		{B721E1F1-54D0-4CB3-B495-B75C1529DF35}.Release|x86.Build.0 = Release|Win32
		{399112CD-8CA2-49B1-BA92-2EB442146425}.Debug|x64.ActiveCfg = Debug|x64
		{399112CD-8CA2-49B1-BA92-2EB442146425}.Debug|x64.Build.0 = Debug|x64
		{399112CD-8CA2-49B1-BA92-2EB442146425}.Debug|x86.ActiveCfg = Debug|Win32
		{399112CD-8CA2-49B1-BA92-2EB442146425}.Debug|x86.Build.0 = Debug|Win32
		{399112CD-8CA2-49B1-BA92-2EB442146425}.Release|x64.ActiveCfg = Release|x64
		{399112CD-8CA2-49B1-BA92-2EB442146425}.Release|x64.Build.0 = Release|x64
		{399112CD-8CA2-49B1-BA92-2EB442146425}.Release|x86.ActiveCfg = Release|Win32
		{399112CD-8CA2-49B1-BA92-2EB442146425}.Release|x86.Build.0 = Release|Win32
		{3D369964-D4E9-4FE6-A9CB-B8C5B813FE63}.Debug|x64.ActiveCfg = Debug|x64
		{3D369964-D4E9-4FE6-A9CB-B8C5B813FE63}.Debug|x64.Build.0 = Debug|x64
		{3D369964-D4E9-4FE6-A9CB-B8C5B813FE63}.Debug|x86.ActiveCfg = Debug|Win32
		{3D369964-D4E9-4FE6-A9CB-B8C5B813FE63}.Debug|x86.Build.0 = Debug|Win32
		{3D369964-D4E9-4FE6-A9CB-B8C5B813FE63}.Release|x64.ActiveCfg = Release|x64
		{3D369964-D4E9-4FE6-A9CB-B8C5B813FE63}.Release|x64.Build.0 = Release|x64
		{3D369964-D4E9-4FE6-A9CB-B8C5B813FE63}.Release|x86.ActiveCfg = Release|Win32
		{3D369964-D4E9-4FE6-A9CB-B8C5B813FE63}.Release|x86.Build.0 = Release|Win32
		{F3B9F32D-4A5B-4985-A6F1-DBBB0824BD95}.Debug|x64.ActiveCfg = Debug|x64
		{F3B9F32D-4A5B-4985-A6F1-DBBB0824BD95}.Debug|x64.Build.0 = Debug|x64
		{F3B9F32D-4A5B-4985-A6F1-DBBB0824BD95}.Debug|x86.ActiveCfg = Debug|Win32
		{F3B9F32D-4A5B-4985-A6F1-DBBB0824BD95}.Debug|x86.Build.0 = Debug|Win32
		{F3B9F32D-4A5B-4985-A6F1-DBBB0824BD95}.Release|x64.ActiveCfg = Release|x64
		{F3B9F32D-4A5B-4985-A6F1-DBBB0824BD95}.Release|x64.Build.0 = Release|x64
		{F3B9F32D-4A5B-4985-A6F1-DBBB0824BD95}.Release|x86.ActiveCfg = Release|Win32
		{F3B9F32D-4A5B-4985-A6F1-DBBB0824BD95}.Release|x86.Build.0 = Release|Win32
		{ABA3C982-8B54-4BFC-88D8-9FCEA334FFC5}.Debug|x64.ActiveCfg = Debug|x64
		{ABA3C982-8B54-4BFC-88D8-9FCEA334FFC5}.Debug|x64.Build.0 = Debug|x64
		{ABA3C982-8B54-4BFC-88D8-9FCEA334FFC5}.Debug|x86.ActiveCfg = Debug|Win32
		{ABA3C982-8B54-4BFC-88D8-9FCEA334FFC5}.Debug|x86.Build.0 = Debug|Win32
		{ABA3C982-8B54-4BFC-88D8-9FCEA334FFC5}.Release|x64.ActiveCfg = Release|x64
		{ABA3C982-8B54-4BFC-88D8-9FCEA334FFC5}.Release|x64.Build.0 = Release|x64
		{ABA3C982-8B54-4BFC-88D8-9FCEA334FFC5}.Release|x86.ActiveCfg = Release|Win32
		{ABA3C982-8B54-4BFC-88D8-9FCEA334FFC5}.Release|x86.Build.0 = Release|Win32
		{BA7603F0-A09C-4ECB-A377-CDCC12333A1E}.Debug|x64.ActiveCfg = Debug|x64
		{BA7603F0-A09C-4ECB-A377-CDCC12333A1E}.Debug|x64.Build.0 = Debug|x64
		{BA7603F0-A09C-4ECB-A377-CDCC12333A1E}.Debug|x86.ActiveCfg = Debug|Win32
		{BA7603F0-A09C-4ECB-A377-CDCC12333A1E}.Debug|x86.Build.0 = Debug|Win32
		{BA7603F0-A09C-4ECB-A377-CDCC12333A1E}.Release|x64.ActiveCfg = Release|x64
		{BA7603F0-A09C-4ECB-A377-CDCC12333A1E}.Release|x64.Build.0 = Release|x64
		{BA7603F0-A09C-4ECB-A377-CDCC12333A1E}.Release|x86.ActiveCfg = Release|Win32
		{BA7603F0-A09C-4ECB-A377-CDCC12333A1E}.Release|x86.Build.0 = Release|Win32
		{A23B36A9-7C45-4ED6-B7A3-04D2683A9583}.Debug|x64.ActiveCfg = Debug|x64
		{A23B36A9-7C45-4ED6-B7A3-04D2683A9583}.Debug|x64.Build.0 = Debug|x64
		{A23B36A9-7C45-4ED6-B7A3-04D2683A9583}.Debug|x86.ActiveCfg = Debug|Win32
		{A23B36A9-7C45-4ED6-B7A3-04D2683A9583}.Debug|x86.Build.0 = Debug|Win32
		{A23B36A9-7C45-4ED6-B7A3-04D2683A9583}.Release|x64.ActiveCfg = Release|x64
		{A23B36A9-7C45-4ED6-B7A3-04D2683A9583}.Release|x64.Build.0 = Release|x64
		{A23B36A9-7C45-4ED6-B7A3-04D2683A9583}.Release|x86.ActiveCfg = Release|Win32
		{A23B36A9-7C45-4ED6-B7A3-04D2683A9583}.Release|x86.Build.0 = Release|Win32
		{6DE6FD1F-E68E-43C4-8085-E3286C884D24}.Debug|x64.ActiveCfg = Debug|x64
		{6DE6FD1F-E68E-43C4-8085-E3286C884D24}.Debug|x64.Build.0 = Debug|x64
		{6DE6FD1F-E68E-43C4-8085-E3286C884D24}.Debug|x86.ActiveCfg = Debug|Win32
		{6DE6FD1F-E68E-43C4-8085-E3286C884D24}.Debug|x86.Build.0 = Debug|Win32
		{6DE6FD1F-E68E-43C4-8085-E3286C884D24}.Release|x64.ActiveCfg = Release|x64
		{6DE6FD1F-E68E-43C4-8085-E3286C884D24}.Release|x64.Build.0 = Release|x64
		{6DE6FD1F-E68E-43C4-8085-E3286C884D24}.Release|x86.ActiveCfg = Release|Win32
		{6DE6FD1F-E68E-43C4-8085-E3286C884D24}.Release|x86.Build.0 = Release|Win32
		{7BA3DE7F-EEDB-43A2-AB6A-EF72F1DF4C8F}.Debug|x64.ActiveCfg = Debug|x64
		{7BA3DE7F-EEDB-43A2-AB6A-EF72F1DF4C8F}.Debug|x64.Build.0 = Debug|x64
		{7BA3DE7F-EEDB-43A2-AB6A-EF72F1DF4C8F}.Debug|x86.ActiveCfg = Debug|Win32
		{7BA3DE7F-EEDB-43A2-AB6A-EF72F1DF4C8F}.Debug|x86.Build.0 = Debug|Win32
		{7BA3DE7F-EEDB-43A2-AB6A-EF72F1DF4C8F}.Release|x64.ActiveCfg = Release|x64
		{7BA3DE7F-EEDB-43A2-AB6A-EF72F1DF4C8F}.Release|x64.Build.0 = Release|x64
		{7BA3DE7F-EEDB-43A2-AB6A-EF72F1DF4C8F}.Release|x86.ActiveCfg = Release|Win32
		{7BA3DE7F-EEDB-43A2-AB6A-EF72F1DF4C8F}.Release|x86.Build.0 = Release|Win32
		{7C09A318-D710-41FB-A5EB-58B2EE939119}.Debug|x64.ActiveCfg = Debug|x64
		{7C09A318-D710-41FB-A5EB-58B2EE939119}.Debug|x64.Build.0 = Debug|x64
		{7C09A318-D710-41FB-A5EB-58B2EE939119}.Debug|x86.ActiveCfg = Debug|Win32
		{7C09A318-D710-41FB-A5EB-58B2EE939119}.Debug|x86.Build.0 = Debug|Win32
		{7C09A318-D710-41FB-A5EB-58B2EE939119}.Release|x64.ActiveCfg = Release|x64
		{7C09A318-D710-41FB-A5EB-58B2EE939119}.Release|x64.Build.0 = Release|x64
		{7C09A318-D710-41FB-A5EB-58B2EE939119}.Release|x86.ActiveCfg = Release|Win32
		{7C09A318-D710-41FB-A5EB-58B2EE939119}.Release|x86.Build.0 = Release|Win32
		{BC0187AC-22D0-4B67-982B-9AFB9FF77982}.Debug|x64.ActiveCfg = Debug|x64
		{BC0187AC-22D0-4B67-982B-9AFB9FF77982}.Debug|x64.Build.0 = Debug|x64
		{BC0187AC-22D0-4B67-982B-9AFB9FF77982}.Debug|x86.ActiveCfg = Debug|Win32
		{BC0187AC-22D0-4B67-982B-9AFB9FF77982}.Debug|x86.Build.0 = Debug|Win32
		{BC0187AC-22D0-4B67-982B-9AFB9FF77982}.Release|x64.ActiveCfg = Release|x64
		{BC0187AC-22D0-4B67-982B-9AFB9FF77982}.Release|x64.Build.0 = Release|x64
		{BC0187AC-22D0-4B67-982B-9AFB9FF77982}.Release|x86.ActiveCfg = Release|Win32
		{BC0187AC-22D0-4B67-982B-9AFB9FF77982}.Release|x86.Build.0 = Release|Win32
		{37393E10-061B-40A7-8FF7-5231866E96E6}.Debug|x64.ActiveCfg = Debug|x64
		{37393E10-061B-40A7-8FF7-5231866E96E6}.Debug|x64.Build.0 = Debug|x64
		{37393E10-061B-40A7-8FF7-5231866E96E6}.Debug|x86.ActiveCfg = Debug|Win32
		{37393E10-061B-40A7-8FF7-5231866E96E6}.Debug|x86.Build.0 = Debug|Win32
		{37393E10-061B-40A7-8FF7-5231866E96E6}.Release|x64.ActiveCfg = Release|x64
		{37393E10-061B-40A7-8FF7-5231866E96E6}.Release|x64.Build.0 = Release|x64
		{37393E10-061B-40A7-8FF7-5231866E96E6}.Release|x86.ActiveCfg = Release|Win32
		{37393E10-061B-40A7-8FF7-5231866E96E6}.Release|x86.Build.0 = Release|Win32
		{7E9CFAD0-63DD-4760-9DAA-49748066E65D}.Debug|x64.ActiveCfg = Debug|x64
		{7E9CFAD0-63DD-4760-9DAA-49748066E65D}.Debug|x64.Build.0 = Debug|x64
		{7E9CFAD0-63DD-4760-9DAA-49748066E65D}.Debug|x86.ActiveCfg = Debug|Win32
		{7E9CFAD0-63DD-4760-9DAA-49748066E65D}.Debug|x86.Build.0 = Debug|Win32
		{7E9CFAD0-63DD-4760-9DAA-49748066E65D}.Release|x64.ActiveCfg = Release|x64
		{7E9CFAD0-63DD-4760-9DAA-49748066E65D}.Release|x64.Build.0 = Release|x64
		{7E9CFAD0-63DD-4760-9DAA-49748066E65D}.Release|x86.ActiveCfg = Release|Win32
		{7E9CFAD0-63DD-4760-9DAA-49748066E65D}.Release|x86.Build.0 = Release|Win32
		{D259E216-5CB5-4CBA-9839-8123CEADAE88}.Debug|x64.ActiveCfg = Debug|x64
		{D259E216-5CB5-4CBA-9839-8123CEADAE88}.Debug|x64.Build.0 = Debug|x64
		{D259E216-5CB5-4CBA-9839-8123CEADAE88}.Debug|x86.ActiveCfg = Debug|Win32
		{D259E216-5CB5-4CBA-9839-8123CEADAE88}.Debug|x86.Build.0 = Debug|Win32
		{D259E216-5CB5-4CBA-9839-8123CEADAE88}.Release|x64.ActiveCfg = Release|x64
		{D259E216-5CB5-4CBA-9839-8123CEADAE88}.Release|x64.Build.0 = Release|x64
		{D259E216-5CB5-4CBA-9839-8123CEADAE88}.Release|x86.ActiveCfg = Release|Win32
		{D259E216-5CB5-4CBA-9839-8123CEADAE88}.Release|x86.Build.0 = Release|Win32
		{52A5996F-8FA2-4A16-9DC3-1DC3687E58F6}.Debug|x64.ActiveCfg = Debug|x64
		{52A5996F-8FA2-4A16-9DC3-1DC3687E58F6}.Debug|x64.Build.0 = Debug|x64
		{52A5996F-8FA2-4A16-9DC3-1DC3687E58F6}.Debug|x86.ActiveCfg = Debug|Win32
		{52A5996F-8FA2-4A16-9DC3-1DC3687E58F6}.Debug|x86.Build.0 = Debug|Win32
		{52A5996F-8FA2-4A16-9DC3-1DC3687E58F6}.Release|x64.ActiveCfg = Release|x64
		{52A5996F-8FA2-4A16-9DC3-1DC3687E58F6}.Release|x64.Build.0 = Release|x64
		{52A5996F-8FA2-4A16-9DC3-1DC3687E58F6}.Release|x86.ActiveCfg = Release|Win32
		{52A5996F-8FA2-4A16-9DC3-1DC3687E58F6}.Release|x86.Build.0 = Release|Win32
		{687266D2-EDB5-491C-842A-0AC2321C3765}.Debug|x64.ActiveCfg = Debug|x64
		{687266D2-EDB5-491C-842A-0AC2321C3765}.Debug|x64.Build.0 = Debug|x64
		{687266D2-EDB5-491C-842A-0AC2321C3765}.Debug|x86.ActiveCfg = Debug|Win32
		{687266D2-EDB5-491C-842A-0AC2321C3765}.Debug|x86.Build.0 = Debug|Win32
		{687266D2-EDB5-491C-842A-0AC2321C3765}.Release|x64.ActiveCfg = Release|x64
		{687266D2-EDB5-491C-842A-0AC2321C3765}.Release|x64.Build.0 = Release|x64
		{687266D2-EDB5-491C-842A-0AC2321C3765}.Release|x86.ActiveCfg = Release|Win32
		{687266D2-EDB5-491C-842A-0AC2321C3765}.Release|x86.Build.0 = Release|Win32
		{B1480C29-C5DA-485E-9CD1-8C21ACA17291}.Debug|x64.ActiveCfg = Debug|x64
		{B1480C29-C5DA-485E-9CD1-8C21ACA17291}.Debug|x64.Build.0 = Debug|x64
		{B1480C29-C5DA-485E-9CD1-8C21ACA17291}.Debug|x86.ActiveCfg = Debug|Win32
		{B1480C29-C5DA-485E-9CD1-8C21ACA17291}.Debug|x86.Build.0 = Debug|Win32
		{B1480C29-C5DA-485E-9CD1-8C21ACA17291}.Release|x64.ActiveCfg = Release|x64
		{B1480C29-C5DA-485E-9CD1-8C21ACA17291}.Release|x64.Build.0 = Release|x64
		{B1480C29-C5DA-485E-9CD1-8C21ACA17291}.Release|x86.ActiveCfg = Release|Win32
		{B1480C29-C5DA-485E-9CD1-8C21ACA17291}.Release|x86.Build.0 = Release|Win32
		{2FDF919B-74D3-4991-9119-EAA95067A666}.Debug|x64.ActiveCfg = Debug|x64
		{2FDF919B-74D3-4991-9119-EAA95067A666}.Debug|x64.Build.0 = Debug|x64
		{2FDF919B-74D3-4991-9119-EAA95067A666}.Debug|x86.ActiveCfg = Debug|Win32
		{2FDF919B-74D3-4991-9119-EAA95067A666}.Debug|x86.Build.0 = Debug|Win32
		{2FDF919B-74D3-4991-9119-EAA95067A666}.Release|x64.ActiveCfg = Release|x64
		{2FDF919B-74D3-4991-9119-EAA95067A666}.Release|x64.Build.0 = Release|x64
		{2FDF919B-74D3-4991-9119-EAA95067A666}.Release|x86.ActiveCfg = Release|Win32
		{2FDF919B-74D3-4991-9119-EAA95067A666}.Release|x86.Build.0 = Release|Win32
		{02F8D337-47C2-4279-89F3-BAD75255AECA}.Debug|x64.ActiveCfg = Debug|x64
		{02F8D337-47C2-4279-89F3-BAD75255AECA}.Debug|x64.Build.0 = Debug|x64
		{02F8D337-47C2-4279-89F3-BAD75255AECA}.Debug|x86.ActiveCfg = Debug|Win32
		{02F8D337-47C2-4279-89F3-BAD75255AECA}.Debug|x86.Build.0 = Debug|Win32
		{02F8D337-47C2-4279-89F3-BAD75255AECA}.Release|x64.ActiveCfg = Release|x64
		{02F8D337-47C2-4279-89F3-BAD75255AECA}.Release|x64.Build.0 = Release|x64
		{02F8D337-47C2-4279-89F3-BAD75255AECA}.Release|x86.ActiveCfg = Release|Win32
		{02F8D337-47C2-4279-89F3-BAD75255AECA}.Release|x86.Build.0 = Release|Win32
		{26AAA5BA-1641-4ACB-9756-6733F7B22C88}.Debug|x64.ActiveCfg = Debug|x64
		{26AAA5BA-1641-4ACB-9756-6733F7B22C88}.Debug|x64.Build.0 = Debug|x64
		{26AAA5BA-1641-4ACB-9756-6733F7B22C88}.Debug|x86.ActiveCfg = Debug|Win32
		{26AAA5BA-1641-4ACB-9756-6733F7B22C88}.Debug|x86.Build.0 = Debug|Win32
		{26AAA5BA-1641-4ACB-9756-6733F7B22C88}.Release|x64.ActiveCfg = Release|x64
		{26AAA5BA-1641-4ACB-9756-6733F7B22C88}.Release|x64.Build.0 = Release|x64
		{26AAA5BA-1641-4ACB-9756-6733F7B22C88}.Release|x86.ActiveCfg = Release|Win32
		{26AAA5BA-1641-4ACB-9756-6733F7B22C88}.Release|x86.Build.0 = Release|Win32
		{70823476-88EF-4358-BEA7-F41F8CF1F99C}.Debug|x64.ActiveCfg = Debug|x64
		{70823476-88EF-4358-BEA7-F41F8CF1F99C}.Debug|x64.Build.0 = Debug|x64
		{70823476-88EF-4358-BEA7-F41F8CF1F99C}.Debug|x86.ActiveCfg = Debug|Win32
		{70823476-88EF-4358-BEA7-F41F8CF1F99C}.Debug|x86.Build.0 = Debug|Win32
		{70823476-88EF-4358-BEA7-F41F8CF1F99C}.Release|x64.ActiveCfg = Release|x64
		{70823476-88EF-4358-BEA7-F41F8CF1F99C}.Release|x64.Build.0 = Release|x64
		{70823476-88EF-4358-BEA7-F41F8CF1F99C}.Release|x86.ActiveCfg = Release|Win32
		{70823476-88EF-4358-BEA7-F41F8CF1F99C}.Release|x86.Build.0 = Release|Win32
		{E992D1F1-4BBB-4918-8D73-8F7BFB45C42C}.Debug|x64.ActiveCfg = Debug|x64
		{E992D1F1-4BBB-4918-8D73-8F7BFB45C42C}.Debug|x64.Build.0 = Debug|x64
		{E992D1F1-4BBB-4918-8D73-8F7BFB45C42C}.Debug|x86.ActiveCfg = Debug|Win32
		{E992D1F1-4BBB-4918-8D73-8F7BFB45C42C}.Debug|x86.Build.0 = Debug|Win32
		{E992D1F1-4BBB-4918-8D73-8F7BFB45C42C}.Release|x64.ActiveCfg = Release|x64
		{E992D1F1-4BBB-4918-8D73-8F7BFB45C42C}.Release|x64.Build.0 = Release|x64
		{E992D1F1-4BBB-4918-8D73-8F7BFB45C42C}.Release|x86.ActiveCfg = Release|Win32
		{E992D1F1-4BBB-4918-8D73-8F7BFB45C42C}.Release|x86.Build.0 = Release|Win32
		{75765D2A-F9B0-4050-BBB0-2AB8BFB053CB}.Debug|x64.ActiveCfg = Debug|x64
		{75765D2A-F9B0-4050-BBB0-2AB8BFB053CB}.Debug|x64.Build.0 = Debug|x64
		{75765D2A-F9B0-4050-BBB0-2AB8BFB053CB}.Debug|x86.ActiveCfg = Debug|Win32
		{75765D2A-F9B0-4050-BBB0-2AB8BFB053CB}.Debug|x86.Build.0 = Debug|Win32
		{75765D2A-F9B0-4050-BBB0-2AB8BFB053CB}.Release|x64.ActiveCfg = Release|x64
		{75765D2A-F9B0-4050-BBB0-2AB8BFB053CB}.Release|x64.Build.0 = Release|x64
		{75765D2A-F9B0-4050-BBB0-2AB8BFB053CB}.Release|x86.ActiveCfg = Release|Win32
		{75765D2A-F9B0-4050-BBB0-2AB8BFB053CB}.Release|x86.Build.0 = Release|Win32
		{A836A631-050F-4C16-9518-566C9ED6E7F5}.Debug|x64.ActiveCfg = Debug|x64
		{A836A631-050F-4C16-9518-566C9ED6E7F5}.Debug|x64.Build.0 = Debug|x64
		{A836A631-050F-4C16-9518-566C9ED6E7F5}.Debug|x86.ActiveCfg = Debug|Win32
		{A836A631-050F-4C16-9518-566C9ED6E7F5}.Debug|x86.Build.0 = Debug|Win32
		{A836A631-050F-4C16-9518-566C9ED6E7F5}.Release|x64.ActiveCfg = Release|x64
		{A836A631-050F-4C16-9518-566C9ED6E7F5}.Release|x64.Build.0 = Release|x64
		{A836A631-050F-4C16-9518-566C9ED6E7F5}.Release|x86.ActiveCfg = Release|Win32
		{A836A631-050F-4C16-9518-566C9ED6E7F5}.Release|x86.Build.0 = Release|Win32
		{240440F1-9197-41CA-B39B-21358A6C78FA}.Debug|x64.ActiveCfg = Debug|x64
		{240440F1-9197-41CA-B39B-21358A6C78FA}.Debug|x64.Build.0 = Debug|x64
		{240440F1-9197-41CA-B39B-21358A6C78FA}.Debug|x86.ActiveCfg = Debug|Win32
		{240440F1-9197-41CA-B39B-21358A6C78FA}.Debug|x86.Build.0 = Debug|Win32
		{240440F1-9197-41CA-B39B-21358A6C78FA}.Release|x64.ActiveCfg = Release|x64
		{240440F1-9197-41CA-B39B-21358A6C78FA}.Release|x64.Build.0 = Release|x64
		{240440F1-9197-41CA-B39B-21358A6C78FA}.Release|x86.ActiveCfg = Release|Win32
		{240440F1-9197-41CA-B39B-21358A6C78FA}.Release|x86.Build.0 = Release|Win32
		{FDEB792B-DF0A-4355-9E08-80E31A3DD215}.Debug|x64.ActiveCfg = Debug|x64
		{FDEB792B-DF0A-4355-9E08-80E31A3DD215}.Debug|x64.Build.0 = Debug|x64
		{FDEB792B-DF0A-4355-9E08-80E31A3DD215}.Debug|x86.ActiveCfg = Debug|Win32
		{FDEB792B-DF0A-4355-9E08-80E31A3DD215}.Debug|x86.Build.0 = Debug|Win32
		{FDEB792B-DF0A-4355-9E08-80E31A3DD215}.Release|x64.ActiveCfg = Release|x64
		{FDEB792B-DF0A-4355-9E08-80E31A3DD215}.Release|x64.Build.0 = Release|x64
		{FDEB792B-DF0A-4355-9E08-80E31A3DD215}.Release|x86.ActiveCfg = Release|Win32
		{FDEB792B-DF0A-4355-9E08-80E31A3DD215}.Release|x86.Build.0 = Release|Win32
		{1DA21984-1C0A-4A40-928F-0DD3ACD80B6B}.Debug|x64.ActiveCfg = Debug|x64
		{1DA21984-1C0A-4A40-928F-0DD3ACD80B6B}.Debug|x64.Build.0 = Debug|x64
		{1DA21984-1C0A-4A40-928F-0DD3ACD80B6B}.Debug|x86.ActiveCfg = Debug|Win32
		{1DA21984-1C0A-4A40-928F-0DD3ACD80B6B}.Debug|x86.Build.0 = Debug|Win32
		{1DA21984-1C0A-4A40-928F-0DD3ACD80B6B}.Release|x64.ActiveCfg = Release|x64
		{1DA21984-1C0A-4A40-928F-0DD3ACD80B6B}.Release|x64.Build.0 = Release|x64
		{1DA21984-1C0A-4A40-928F-0DD3ACD80B6B}.Release|x86.ActiveCfg = Release|Win32
		{1DA21984-1C0A-4A40-928F-0DD3ACD80B6B}.Release|x86.Build.0 = Release|Win32
		{EF8F75DA-4B5F-4A84-90CA-10C9DF25EE28}.Debug|x64.ActiveCfg = Debug|x64
		{EF8F75DA-4B5F-4A84-90CA-10C9DF25EE28}.Debug|x64.Build.0 = Debug|x64
		{EF8F75DA-4B5F-4A84-90CA-10C9DF25EE28}.Debug|x86.ActiveCfg = Debug|Win32
		{EF8F75DA-4B5F-4A84-90CA-10C9DF25EE28}.Debug|x86.Build.0 = Debug|Win32
		{EF8F75DA-4B5F-4A84-90CA-10C9DF25EE28}.Release|x64.ActiveCfg = Release|x64
		{EF8F75DA-4B5F-4A84-90CA-10C9DF25EE28}.Release|x64.Build.0 = Release|x64
		{EF8F75DA-4B5F-4A84-90CA-10C9DF25EE28}.Release|x86.ActiveCfg = Release|Win32
		{EF8F75DA-4B5F-4A84-90CA-10C9DF25EE28}.Release|x86.Build.0 = Release|Win32
		{477253EA-1F19-443E-A684-D8B2E20138AF}.Debug|x64.ActiveCfg = Debug|x64
		{477253EA-1F19-443E-A684-D8B2E20138AF}.Debug|x64.Build.0 = Debug|x64
		{477253EA-1F19-443E-A684-D8B2E20138AF}.Debug|x86.ActiveCfg = Debug|Win32
		{477253EA-1F19-443E-A684-D8B2E20138AF}.Debug|x86.Build.0 = Debug|Win32
		{477253EA-1F19-443E-A684-D8B2E20138AF}.Release|x64.ActiveCfg = Release|x64
		{477253EA-1F19-443E-A684-D8B2E20138AF}.Release|x64.Build.0 = Release|x64
		{477253EA-1F19-443E-A684-D8B2E20138AF}.Release|x86.ActiveCfg = Release|Win32
		{477253EA-1F19-443E-A684-D8B2E20138AF}.Release|x86.Build.0 = Release|Win32
		{FFE59B90-5CC7-4746-A533-8E5DDADA29FA}.Debug|x64.ActiveCfg = Debug|x64
		{FFE59B90-5CC7-4746-A533-8E5DDADA29FA}.Debug|x64.Build.0 = Debug|x64
		{FFE59B90-5CC7-4746-A533-8E5DDADA29FA}.Debug|x86.ActiveCfg = Debug|Win32
		{FFE59B90-5CC7-4746-A533-8E5DDADA29FA}.Debug|x86.Build.0 = Debug|Win32
		{FFE59B90-5CC7-4746-A533-8E5DDADA29FA}.Release|x64.ActiveCfg = Release|x64
		{FFE59B90-5CC7-4746-A533-8E5DDADA29FA}.Release|x64.Build.0 = Release|x64
		{FFE59B90-5CC7-4746-A533-8E5DDADA29FA}.Release|x86.ActiveCfg = Release|Win32
		{FFE59B90-5CC7-4746-A533-8E5DDADA29FA}.Release|x86.Build.0 = Release|Win32
		{0770921E-12CE-425F-BEBF-2B52ECAB6F7A}.Debug|x64.ActiveCfg = Debug|x64
		{0770921E-12CE-425F-BEBF-2B52ECAB6F7A}.Debug|x64.Build.0 = Debug|x64
		{0770921E-12CE-425F-BEBF-2B52ECAB6F7A}.Debug|x86.ActiveCfg = Debug|Win32
		{0770921E-12CE-425F-BEBF-2B52ECAB6F7A}.Debug|x86.Build.0 = Debug|Win32
		{0770921E-12CE-425F-BEBF-2B52ECAB6F7A}.Release|x64.ActiveCfg = Release|x64
		{0770921E-12CE-425F-BEBF-2B52ECAB6F7A}.Release|x64.Build.0 = Release|x64
		{0770921E-12CE-425F-BEBF-2B52ECAB6F7A}.Release|x86.ActiveCfg = Release|Win32
		{0770921E-12CE-425F-BEBF-2B52ECAB6F7A}.Release|x86.Build.0 = Release|Win32
		{7796B06F-5A4E-42ED-A408-11A19B837D00}.Debug|x64.ActiveCfg = Debug|x64
		{7796B06F-5A4E-42ED-A408-11A19B837D00}.Debug|x64.Build.0 = Debug|x64
		{7796B06F-5A4E-42ED-A408-11A19B837D00}.Debug|x86.ActiveCfg = Debug|Win32
		{7796B06F-5A4E-42ED-A408-11A19B837D00}.Debug|x86.Build.0 = Debug|Win32
		{7796B06F-5A4E-42ED-A408-11A19B837D00}.Release|x64.ActiveCfg = Release|x64
		{7796B06F-5A4E-42ED-A408-11A19B837D00}.Release|x64.Build.0 = Release|x64
		{7796B06F-5A4E-42ED-A408-11A19B837D00}.Release|x86.ActiveCfg = Release|Win32
		{7796B06F-5A4E-42ED-A408-11A19B837D00}.Release|x86.Build.0 = Release|Win32
		{D2248E59-3E39-40C3-8101-719D04489A19}.Debug|x64.ActiveCfg = Debug|x64
		{D2248E59-3E39-40C3-8101-719D04489A19}.Debug|x64.Build.0 = Debug|x64
		{D2248E59-3E39-40C3-8101-719D04489A19}.Debug|x86.ActiveCfg = Debug|Win32
		{D2248E59-3E39-40C3-8101-719D04489A19}.Debug|x86.Build.0 = Debug|Win32
		{D2248E59-3E39-40C3-8101-719D04489A19}.Release|x64.ActiveCfg = Release|x64
		{D2248E59-3E39-40C3-8101-719D04489A19}.Release|x64.Build.0 = Release|x64
		{D2248E59-3E39-40C3-8101-719D04489A19}.Release|x86.ActiveCfg = Release|Win32
		{D2248E59-3E39-40C3-8101-719D04489A19}.Release|x86.Build.0 = Release|Win32
		{4258457A-9EF2-40D5-8C93-86BCC5B7B9EA}.Debug|x64.ActiveCfg = Debug|x64
		{4258457A-9EF2-40D5-8C93-86BCC5B7B9EA}.Debug|x64.Build.0 = Debug|x64
		{4258457A-9EF2-40D5-8C93-86BCC5B7B9EA}.Debug|x86.ActiveCfg = Debug|Win32
		{4258457A-9EF2-40D5-8C93-86BCC5B7B9EA}.Debug|x86.Build.0 = Debug|Win32
		{4258457A-9EF2-40D5-8C93-86BCC5B7B9EA}.Release|x64.ActiveCfg = Release|x64
		{4258457A-9EF2-40D5-8C93-86BCC5B7B9EA}.Release|x64.Build.0 = Release|x64
		{4258457A-9EF2-40D5-8C93-86BCC5B7B9EA}.Release|x86.ActiveCfg = Release|Win32
		{4258457A-9EF2-40D5-8C93-86BCC5B7B9EA}.Release|x86.Build.0 = Release|Win32
		{D95C5F2A-C161-49CF-BA72-357850AFF530}.Debug|x64.ActiveCfg = Debug|x64
		{D95C5F2A-C161-49CF-BA72-357850AFF530}.Debug|x64.Build.0 = Debug|x64
		{D95C5F2A-C161-49CF-BA72-357850AFF530}.Debug|x86.ActiveCfg = Debug|Win32
		{D95C5F2A-C161-49CF-BA72-357850AFF530}.Debug|x86.Build.0 = Debug|Win32
		{D95C5F2A-C161-49CF-BA72-357850AFF530}.Release|x64.ActiveCfg = Release|x64
		{D95C5F2A-C161-49CF-BA72-357850AFF530}.Release|x64.Build.0 = Release|x64
		{D95C5F2A-C161-49CF-BA72-357850AFF530}.Release|x86.ActiveCfg = Release|Win32
		{D95C5F2A-C161-49CF-BA72-357850AFF530}.Release|x86.Build.0 = Release|Win32
		{F5811083-7B61-40DB-8E64-1DC06E747858}.Debug|x64.ActiveCfg = Debug|x64
		{F5811083-7B61-40DB-8E64-1DC06E747858}.Debug|x64.Build.0 = Debug|x64
		{F5811083-7B61-40DB-8E64-1DC06E747858}.Debug|x86.ActiveCfg = Debug|Win32
		{F5811083-7B61-40DB-8E64-1DC06E747858}.Debug|x86.Build.0 = Debug|Win32
		{F5811083-7B61-40DB-8E64-1DC06E747858}.Release|x64.ActiveCfg = Release|x64
		{F5811083-7B61-40DB-8E64-1DC06E747858}.Release|x64.Build.0 = Release|x64
		{F5811083-7B61-40DB-8E64-1DC06E747858}.Release|x86.ActiveCfg = Release|Win32
		{F5811083-7B61-40DB-8E64-1DC06E747858}.Release|x86.Build.0 = Release|Win32
		{A9105D0D-FE37-4802-A3B5-DFFFB9EC3FDA}.Debug|x64.ActiveCfg = Debug|x64
		{A9105D0D-FE37-4802-A3B5-DFFFB9EC3FDA}.Debug|x64.Build.0 = Debug|x64
		{A9105D0D-FE37-4802-A3B5-DFFFB9EC3FDA}.Debug|x86.ActiveCfg = Debug|Win32
		{A9105D0D-FE37-4802-A3B5-DFFFB9EC3FDA}.Debug|x86.Build.0 = Debug|Win32
		{A9105D0D-FE37-4802-A3B5-DFFFB9EC3FDA}.Release|x64.ActiveCfg = Release|x64
		{A9105D0D-FE37-4802-A3B5-DFFFB9EC3FDA}.Release|x64.Build.0 = Release|x64
		{A9105D0D-FE37-4802-A3B5-DFFFB9EC3FDA}.Release|x86.ActiveCfg = Release|Win32
		{A9105D0D-FE37-4802-A3B5-DFFFB9EC3FDA}.Release|x86.Build.0 = Release|Win32
		{D6672E06-729C-47FA-BBEB-C2F05ADF0E83}.Debug|x64.ActiveCfg = Debug|x64
		{D6672E06-729C-47FA-BBEB-C2F05ADF0E83}.Debug|x64.Build.0 = Debug|x64
		{D6672E06-729C-47FA-BBEB-C2F05ADF0E83}.Debug|x86.ActiveCfg = Debug|Win32
		{D6672E06-729C-47FA-BBEB-C2F05ADF0E83}.Debug|x86.Build.0 = Debug|Win32
		{D6672E06-729C-47FA-BBEB-C2F05ADF0E83}.Release|x64.ActiveCfg = Release|x64
		{D6672E06-729C-47FA-BBEB-C2F05ADF0E83}.Release|x64.Build.0 = Release|x64
		{D6672E06-729C-47FA-BBEB-C2F05ADF0E83}.Release|x86.ActiveCfg = Release|Win32
		{D6672E06-729C-47FA-BBEB-C2F05ADF0E83}.Release|x86.Build.0 = Release|Win32
		{C1CF8CBC-2A27-4E03-8DA1-52ED1BB2873A}.Debug|x64.ActiveCfg = Debug|x64
		{C1CF8CBC-2A27-4E03-8DA1-52ED1BB2873A}.Debug|x64.Build.0 = Debug|x64
		{C1CF8CBC-2A27-4E03-8DA1-52ED1BB2873A}.Debug|x86.ActiveCfg = Debug|Win32
		{C1CF8CBC-2A27-4E03-8DA1-52ED1BB2873A}.Debug|x86.Build.0 = Debug|Win32
		{C1CF8CBC-2A27-4E03-8DA1-52ED1BB2873A}.Release|x64.ActiveCfg = Release|x64
		{C1CF8CBC-2A27-4E03-8DA1-52ED1BB2873A}.Release|x64.Build.0 = Release|x64
		{C1CF8CBC-2A27-4E03-8DA1-52ED1BB2873A}.Release|x86.ActiveCfg = Release|Win32
		{C1CF8CBC-2A27-4E03-8DA1-52ED1BB2873A}.Release|x86.Build.0 = Release|Win32
		{51291BED-00EE-4B99-91BF-FB035ADE635B}.Debug|x64.ActiveCfg = Debug|x64
		{51291BED-00EE-4B99-91BF-FB035ADE635B}.Debug|x64.Build.0 = Debug|x64
		{51291BED-00EE-4B99-91BF-FB035ADE635B}.Debug|x86.ActiveCfg = Debug|Win32
		{51291BED-00EE-4B99-91BF-FB035ADE635B}.Debug|x86.Build.0 = Debug|Win32
		{51291BED-00EE-4B99-91BF-FB035ADE635B}.Release|x64.ActiveCfg = Release|x64
		{51291BED-00EE-4B99-91BF-FB035ADE635B}.Release|x64.Build.0 = Release|x64
		{51291BED-00EE-4B99-91BF-FB035ADE635B}.Release|x86.ActiveCfg = Release|Win32
		{51291BED-00EE-4B99-91BF-FB035ADE635B}.Release|x86.Build.0 = Release|Win32
		{79AF7735-D9A1-4377-943F-68F9D8011DE6}.Debug|x64.ActiveCfg = Debug|x64
		{79AF7735-D9A1-4377-943F-68F9D8011DE6}.Debug|x64.Build.0 = Debug|x64
		{79AF7735-D9A1-4377-943F-68F9D8011DE6}.Debug|x86.ActiveCfg = Debug|Win32
		{79AF7735-D9A1-4377-943F-68F9D8011DE6}.Debug|x86.Build.0 = Debug|Win32
		{79AF7735-D9A1-4377-943F-68F9D8011DE6}.Release|x64.ActiveCfg = Release|x64
		{79AF7735-D9A1-4377-943F-68F9D8011DE6}.Release|x64.Build.0 = Release|x64
		{79AF7735-D9A1-4377-943F-68F9D8011DE6}.Release|x86.ActiveCfg = Release|Win32
		{79AF7735-D9A1-4377-943F-68F9D8011DE6}.Release|x86.Build.0 = Release|Win32
		{47A682E3-28DB-4559-A2AA-7B0C4900993C}.Debug|x64.ActiveCfg = Debug|x64
		{47A682E3-28DB-4559-A2AA-7B0C4900993C}.Debug|x64.Build.0 = Debug|x64
		{47A682E3-28DB-4559-A2AA-7B0C4900993C}.Debug|x86.ActiveCfg = Debug|Win32
		{47A682E3-28DB-4559-A2AA-7B0C4900993C}.Debug|x86.Build.0 = Debug|Win32
		{47A682E3-28DB-4559-A2AA-7B0C4900993C}.Release|x64.ActiveCfg = Release|x64
		{47A682E3-28DB-4559-A2AA-7B0C4900993C}.Release|x64.Build.0 = Release|x64
		{47A682E3-28DB-4559-A2AA-7B0C4900993C}.Release|x86.ActiveCfg = Release|Win32
		{47A682E3-28DB-4559-A2AA-7B0C4900993C}.Release|x86.Build.0 = Release|Win32
		{9DC18E3D-F713-4439-B264-98574C995E58}.Debug|x64.ActiveCfg = Debug|x64
		{9DC18E3D-F713-4439-B264-98574C995E58}.Debug|x64.Build.0 = Debug|x64
		{9DC18E3D-F713-4439-B264-98574C995E58}.Debug|x86.ActiveCfg = Debug|Win32
		{9DC18E3D-F713-4439-B264-98574C995E58}.Debug|x86.Build.0 = Debug|Win32
		{9DC18E3D-F713-4439-B264-98574C995E58}.Release|x64.ActiveCfg = Release|x64
		{9DC18E3D-F713-4439-B264-98574C995E58}.Release|x64.Build.0 = Release|x64
		{9DC18E3D-F713-4439-B264-98574C995E58}.Release|x86.ActiveCfg = Release|Win32
		{9DC18E3D-F713-4439-B264-98574C995E58}.Release|x86.Build.0 = Release|Win32
		{E34E7CB4-0E43-4C46-9926-B7282A3B7694}.Debug|x64.ActiveCfg = Debug|x64
		{E34E7CB4-0E43-4C46-9926-B7282A3B7694}.Debug|x64.Build.0 = Debug|x64
		{E34E7CB4-0E43-4C46-9926-B7282A3B7694}.Debug|x86.ActiveCfg = Debug|Win32
		{E34E7CB4-0E43-4C46-9926-B7282A3B7694}.Debug|x86.Build.0 = Debug|Win32
		{E34E7CB4-0E43-4C46-9926-B7282A3B7694}.Release|x64.ActiveCfg = Release|x64
		{E34E7CB4-0E43-4C46-9926-B7282A3B7694}.Release|x64.Build.0 = Release|x64
		{E34E7CB4-0E43-4C46-9926-B7282A3B7694}.Release|x86.ActiveCfg = Release|Win32
		{E34E7CB4-0E43-4C46-9926-B7282A3B7694}.Release|x86.Build.0 = Release|Win32
		{AF53A858-95B9-48DC-A872-51B6269DBE56}.Debug|x64.ActiveCfg = Debug|x64
		{AF53A858-95B9-48DC-A872-51B6269DBE56}.Debug|x64.Build.0 = Debug|x64
		{AF53A858-95B9-48DC-A872-51B6269DBE56}.Debug|x86.ActiveCfg = Debug|Win32
		{AF53A858-95B9-48DC-A872-51B6269DBE56}.Debug|x86.Build.0 = Debug|Win32
		{AF53A858-95B9-48DC-A872-51B6269DBE56}.Release|x64.ActiveCfg = Release|x64
		{AF53A858-95B9-48DC-A872-51B6269DBE56}.Release|x64.Build.0 = Release|x64
		{AF53A858-95B9-48DC-A872-51B6269DBE56}.Release|x86.ActiveCfg = Release|Win32
		{AF53A858-95B9-48DC-A872-51B6269DBE56}.Release|x86.Build.0 = Release|Win32
		{B1A78A6E-F950-4D7D-B430-4D63C413CEBE}.Debug|x64.ActiveCfg = Debug|x64
		{B1A78A6E-F950-4D7D-B430-4D63C413CEBE}.Debug|x64.Build.0 = Debug|x64
		{B1A78A6E-F950-4D7D-B430-4D63C413CEBE}.Debug|x86.ActiveCfg = Debug|Win32
		{B1A78A6E-F950-4D7D-B430-4D63C413CEBE}.Debug|x86.Build.0 = Debug|Win32
		{B1A78A6E-F950-4D7D-B430-4D63C413CEBE}.Release|x64.ActiveCfg = Release|x64
		{B1A78A6E-F950-4D7D-B430-4D63C413CEBE}.Release|x64.Build.0 = Release|x64
		{B1A78A6E-F950-4D7D-B430-4D63C413CEBE}.Release|x86.ActiveCfg = Release|Win32
		{B1A78A6E-F950-4D7D-B430-4D63C413CEBE}.Release|x86.Build.0 = Release|Win32
		{6ECAE1D8-05A1-4831-9A34-AA1E25D48EE2}.Debug|x64.ActiveCfg = Debug|x64
		{6ECAE1D8-05A1-4831-9A34-AA1E25D48EE2}.Debug|x64.Build.0 = Debug|x64
		{6ECAE1D8-05A1-4831-9A34-AA1E25D48EE2}.Debug|x86.ActiveCfg = Debug|Win32
		{6ECAE1D8-05A1-4831-9A34-AA1E25D48EE2}.Debug|x86.Build.0 = Debug|Win32
		{6ECAE1D8-05A1-4831-9A34-AA1E25D48EE2}.Release|x64.ActiveCfg = Release|x64
		{6ECAE1D8-05A1-4831-9A34-AA1E25D48EE2}.Release|x64.Build.0 = Release|x64
		{6ECAE1D8-05A1-4831-9A34-AA1E25D48EE2}.Release|x86.ActiveCfg = Release|Win32
		{6ECAE1D8-05A1-4831-9A34-AA1E25D48EE2}.Release|x86.Build.0 = Release|Win32
		{79498142-C721-43D4-A177-1B2F15E2FD9F}.Debug|x64.ActiveCfg = Debug|x64
		{79498142-C721-43D4-A177-1B2F15E2FD9F}.Debug|x64.Build.0 = Debug|x64
		{79498142-C721-43D4-A177-1B2F15E2FD9F}.Debug|x86.ActiveCfg = Debug|Win32
		{79498142-C721-43D4-A177-1B2F15E2FD9F}.Debug|x86.Build.0 = Debug|Win32
		{79498142-C721-43D4-A177-1B2F15E2FD9F}.Release|x64.ActiveCfg = Release|x64
		{79498142-C721-43D4-A177-1B2F15E2FD9F}.Release|x64.Build.0 = Release|x64
		{79498142-C721-43D4-A177-1B2F15E2FD9F}.Release|x86.ActiveCfg = Release|Win32
		{79498142-C721-43D4-A177-1B2F15E2FD9F}.Release|x86.Build.0 = Release|Win32
		{3BCEFB2C-4459-4359-BAC1-C2CA82F951C7}.Debug|x64.ActiveCfg = Debug|x64
		{3BCEFB2C-4459-4359-BAC1-C2CA82F951C7}.Debug|x64.Build.0 = Debug|x64
		{3BCEFB2C-4459-4359-BAC1-C2CA82F951C7}.Debug|x86.ActiveCfg = Debug|Win32
		{3BCEFB2C-4459-4359-BAC1-C2CA82F951C7}.Debug|x86.Build.0 = Debug|Win32
		{3BCEFB2C-4459-4359-BAC1-C2CA82F951C7}.Release|x64.ActiveCfg = Release|x64
		{3BCEFB2C-4459-4359-BAC1-C2CA82F951C7}.Release|x64.Build.0 = Release|x64
		{3BCEFB2C-4459-4359-BAC1-C2CA82F951C7}.Release|x86.ActiveCfg = Release|Win32
		{3BCEFB2C-4459-4359-BAC1-C2CA82F951C7}.Release|x86.Build.0 = Release|Win32
		{98ADB19F-8ECF-417B-BFFB-CFAC6CD9ABBD}.Debug|x64.ActiveCfg = Debug|x64
		{98ADB19F-8ECF-417B-BFFB-CFAC6CD9ABBD}.Debug|x64.Build.0 = Debug|x64
		{98ADB19F-8ECF-417B-BFFB-CFAC6CD9ABBD}.Debug|x86.ActiveCfg = Debug|Win32
		{98ADB19F-8ECF-417B-BFFB-CFAC6CD9ABBD}.Debug|x86.Build.0 = Debug|Win32
		{98ADB19F-8ECF-417B-BFFB-CFAC6CD9ABBD}.Release|x64.ActiveCfg = Release|x64
		{98ADB19F-8ECF-417B-BFFB-CFAC6CD9ABBD}.Release|x64.Build.0 = Release|x64
		{98ADB19F-8ECF-417B-BFFB-CFAC6CD9ABBD}.Release|x86.ActiveCfg = Release|Win32
		{98ADB19F-8ECF-417B-BFFB-CFAC6CD9ABBD}.Release|x86.Build.0 = Release|Win32
		{A67E23DF-BF2B-4DBE-88F9-C82F4AF6ACB6}.Debug|x64.ActiveCfg = Debug|x64
		{A67E23DF-BF2B-4DBE-88F9-C82F4AF6ACB6}.Debug|x64.Build.0 = Debug|x64
		{A67E23DF-BF2B-4DBE-88F9-C82F4AF6ACB6}.Debug|x86.ActiveCfg = Debug|Win32
		{A67E23DF-BF2B-4DBE-88F9-C82F4AF6ACB6}.Debug|x86.Build.0 = Debug|Win32
		{A67E23DF-BF2B-4DBE-88F9-C82F4AF6ACB6}.Release|x64.ActiveCfg = Release|x64
		{A67E23DF-BF2B-4DBE-88F9-C82F4AF6ACB6}.Release|x64.Build.0 = Release|x64
		{A67E23DF-BF2B-4DBE-88F9-C82F4AF6ACB6}.Release|x86.ActiveCfg = Release|Win32
		{A67E23DF-BF2B-4DBE-88F9-C82F4AF6ACB6}.Release|x86.Build.0 = Release|Win32
		{21DE666C-C64A-436C-9070-E5239755419E}.Debug|x64.ActiveCfg = Debug|x64
		{21DE666C-C64A-436C-9070-E5239755419E}.Debug|x64.Build.0 = Debug|x64
		{21DE666C-C64A-436C-9070-E5239755419E}.Debug|x86.ActiveCfg = Debug|Win32
		{21DE666C-C64A-436C-9070-E5239755419E}.Debug|x86.Build.0 = Debug|Win32
		{21DE666C-C64A-436C-9070-E5239755419E}.Release|x64.ActiveCfg = Release|x64
		{21DE666C-C64A-436C-9070-E5239755419E}.Release|x64.Build.0 = Release|x64
		{21DE666C-C64A-436C-9070-E5239755419E}.Release|x86.ActiveCfg = Release|Win32
		{21DE666C-C64A-436C-9070-E5239755419E}.Release|x86.Build.0 = Release|Win32
		{5A1FBFF1-BD0A-49A8-8DAF-9D08F931B49E}.Debug|x64.ActiveCfg = Debug|x64
		{5A1FBFF1-BD0A-49A8-8DAF-9D08F931B49E}.Debug|x64.Build.0 = Debug|x64
		{5A1FBFF1-BD0A-49A8-8DAF-9D08F931B49E}.Debug|x86.ActiveCfg = Debug|Win32
		{5A1FBFF1-BD0A-49A8-8DAF-9D08F931B49E}.Debug|x86.Build.0 = Debug|Win32
		{5A1FBFF1-BD0A-49A8-8DAF-9D08F931B49E}.Release|x64.ActiveCfg = Release|x64
		{5A1FBFF1-BD0A-49A8-8DAF-9D08F931B49E}.Release|x64.Build.0 = Release|x64
		{5A1FBFF1-BD0A-49A8-8DAF-9D08F931B49E}.Release|x86.ActiveCfg = Release|Win32
		{5A1FBFF1-BD0A-49A8-8DAF-9D08F931B49E}.Release|x86.Build.0 = Release|Win32
		{DAE1FB29-C9D4-4239-8668-40C9DA6492EE}.Debug|x64.ActiveCfg = Debug|x64
		{DAE1FB29-C9D4-4239-8668-40C9DA6492EE}.Debug|x64.Build.0 = Debug|x64
		{DAE1FB29-C9D4-4239-8668-40C9DA6492EE}.Debug|x86.ActiveCfg = Debug|Win32
		{DAE1FB29-C9D4-4239-8668-40C9DA6492EE}.Debug|x86.Build.0 = Debug|Win32
		{DAE1FB29-C9D4-4239-8668-40C9DA6492EE}.Release|x64.ActiveCfg = Release|x64
		{DAE1FB29-C9D4-4239-8668-40C9DA6492EE}.Release|x64.Build.0 = Release|x64
		{DAE1FB29-C9D4-4239-8668-40C9DA6492EE}.Release|x86.ActiveCfg = Release|Win32
		{DAE1FB29-C9D4-4239-8668-40C9DA6492EE}.Release|x86.Build.0 = Release|Win32
		{D989CA00-E07F-466B-97A1-DFD1EB7FEC0B}.Debug|x64.ActiveCfg = Debug|x64
		{D989CA00-E07F-466B-97A1-DFD1EB7FEC0B}.Debug|x64.Build.0 = Debug|x64
		{D989CA00-E07F-466B-97A1-DFD1EB7FEC0B}.Debug|x86.ActiveCfg = Debug|Win32
		{D989CA00-E07F-466B-97A1-DFD1EB7FEC0B}.Debug|x86.Build.0 = Debug|Win32
		{D989CA00-E07F-466B-97A1-DFD1EB7FEC0B}.Release|x64.ActiveCfg = Release|x64
		{D989CA00-E07F-466B-97A1-DFD1EB7FEC0B}.Release|x64.Build.0 = Release|x64
		{D989CA00-E07F-466B-97A1-DFD1EB7FEC0B}.Release|x86.ActiveCfg = Release|Win32
		{D989CA00-E07F-466B-97A1-DFD1EB7FEC0B}.Release|x86.Build.0 = Release|Win32
		{ED1AE733-3E93-469A-944C-073691079678}.Debug|x64.ActiveCfg = Debug|x64
		{ED1AE733-3E93-469A-944C-073691079678}.Debug|x64.Build.0 = Debug|x64
		{ED1AE733-3E93-469A-944C-073691079678}.Debug|x86.ActiveCfg = Debug|Win32
		{ED1AE733-3E93-469A-944C-073691079678}.Debug|x86.Build.0 = Debug|Win32
		{ED1AE733-3E93-469A-944C-073691079678}.Release|x64.ActiveCfg = Release|x64
		{ED1AE733-3E93-469A-944C-073691079678}.Release|x64.Build.0 = Release|x64
		{ED1AE733-3E93-469A-944C-073691079678}.Release|x86.ActiveCfg = Release|Win32
		{ED1AE733-3E93-469A-944C-073691079678}.Release|x86.Build.0 = Release|Win32
		{E2BDFA77-4872-4E10-8BA5-1D354E6089D0}.Debug|x64.ActiveCfg = Debug|x64
		{E2BDFA77-4872-4E10-8BA5-1D354E6089D0}.Debug|x64.Build.0 = Debug|x64
		{E2BDFA77-4872-4E10-8BA5-1D354E6089D0}.Debug|x86.ActiveCfg = Debug|Win32
		{E2BDFA77-4872-4E10-8BA5-1D354E6089D0}.Debug|x86.Build.0 = Debug|Win32
		{E2BDFA77-4872-4E10-8BA5-1D354E6089D0}.Release|x64.ActiveCfg = Release|x64
		{E2BDFA77-4872-4E10-8BA5-1D354E6089D0}.Release|x64.Build.0 = Release|x64
		{E2BDFA77-4872-4E10-8BA5-1D354E6089D0}.Release|x86.ActiveCfg = Release|Win32
		{E2BDFA77-4872-4E10-8BA5-1D354E6089D0}.Release|x86.Build.0 = Release|Win32
		{05F16BF1-FA3D-4EDC-831E-44B5B84AABD5}.Debug|x64.ActiveCfg = Debug|x64
		{05F16BF1-FA3D-4EDC-831E-44B5B84AABD5}.Debug|x64.Build.0 = Debug|x64
		{05F16BF1-FA3D-4EDC-831E-44B5B84AABD5}.Debug|x86.ActiveCfg = Debug|Win32
		{05F16BF1-FA3D-4EDC-831E-44B5B84AABD5}.Debug|x86.Build.0 = Debug|Win32
		{05F16BF1-FA3D-4EDC-831E-44B5B84AABD5}.Release|x64.ActiveCfg = Release|x64
		{05F16BF1-FA3D-4EDC-831E-44B5B84AABD5}.Release|x64.Build.0 = Release|x64
		{05F16BF1-FA3D-4EDC-831E-44B5B84AABD5}.Release|x86.ActiveCfg = Release|Win32
		{05F16BF1-FA3D-4EDC-831E-44B5B84AABD5}.Release|x86.Build.0 = Release|Win32
		{E6B19885-4F18-4FF3-B7F7-5D0D8EC86594}.Debug|x64.ActiveCfg = Debug|x64
		{E6B19885-4F18-4FF3-B7F7-5D0D8EC86594}.Debug|x64.Build.0 = Debug|x64
		{E6B19885-4F18-4FF3-B7F7-5D0D8EC86594}.Debug|x86.ActiveCfg = Debug|Win32
		{E6B19885-4F18-4FF3-B7F7-5D0D8EC86594}.Debug|x86.Build.0 = Debug|Win32
		{E6B19885-4F18-4FF3-B7F7-5D0D8EC86594}.Release|x64.ActiveCfg = Release|x64
		{E6B19885-4F18-4FF3-B7F7-5D0D8EC86594}.Release|x64.Build.0 = Release|x64
		{E6B19885-4F18-4FF3-B7F7-5D0D8EC86594}.Release|x86.ActiveCfg = Release|Win32
		{E6B19885-4F18-4FF3-B7F7-5D0D8EC86594}.Release|x86.Build.0 = Release|Win32
		{49E56714-7038-4495-94D0-D82DD5FC2EC6}.Debug|x64.ActiveCfg = Debug|x64
		{49E56714-7038-4495-94D0-D82DD5FC2EC6}.Debug|x64.Build.0 = Debug|x64
		{49E56714-7038-4495-94D0-D82DD5FC2EC6}.Debug|x86.ActiveCfg = Debug|Win32
		{49E56714-7038-4495-94D0-D82DD5FC2EC6}.Debug|x86.Build.0 = Debug|Win32
		{49E56714-7038-4495-94D0-D82DD5FC2EC6}.Release|x64.ActiveCfg = Release|x64
		{49E56714-7038-4495-94D0-D82DD5FC2EC6}.Release|x64.Build.0 = Release|x64
		{49E56714-7038-4495-94D0-D82DD5FC2EC6}.Release|x86.ActiveCfg = Release|Win32
		{49E56714-7038-4495-94D0-D82DD5FC2EC6}.Release|x86.Build.0 = Release|Win32
		{BFB4B9E9-E1B9-4915-B43E-42389E0DCEBA}.Debug|x64.ActiveCfg = Debug|x64
		{BFB4B9E9-E1B9-4915-B43E-42389E0DCEBA}.Debug|x64.Build.0 = Debug|x64
		{BFB4B9E9-E1B9-4915-B43E-42389E0DCEBA}.Debug|x86.ActiveCfg = Debug|Win32
		{BFB4B9E9-E1B9-4915-B43E-42389E0DCEBA}.Debug|x86.Build.0 = Debug|Win32
		{BFB4B9E9-E1B9-4915-B43E-42389E0DCEBA}.Release|x64.ActiveCfg = Release|x64
		{BFB4B9E9-E1B9-4915-B43E-42389E0DCEBA}.Release|x64.Build.0 = Release|x64
		{BFB4B9E9-E1B9-4915-B43E-42389E0DCEBA}.Release|x86.ActiveCfg = Release|Win32
		{BFB4B9E9-E1B9-4915-B43E-42389E0DCEBA}.Release|x86.Build.0 = Release|Win32
		{DB1B7607-F515-46D5-95D3-CD10715827E9}.Debug|x64.ActiveCfg = Debug|x64
		{DB1B7607-F515-46D5-95D3-CD10715827E9}.Debug|x64.Build.0 = Debug|x64
		{DB1B7607-F515-46D5-95D3-CD10715827E9}.Debug|x86.ActiveCfg = Debug|Win32
		{DB1B7607-F515-46D5-95D3-CD10715827E9}.Debug|x86.Build.0 = Debug|Win32
		{DB1B7607-F515-46D5-95D3-CD10715827E9}.Release|x64.ActiveCfg = Release|x64
		{DB1B7607-F515-46D5-95D3-CD10715827E9}.Release|x64.Build.0 = Release|x64
		{DB1B7607-F515-46D5-95D3-CD10715827E9}.Release|x86.ActiveCfg = Release|Win32
		{DB1B7607-F515-46D5-95D3-CD10715827E9}.Release|x86.Build.0 = Release|Win32
		{67476FE7-6BB8-4010-9B4E-841D4ED79BA5}.Debug|x64.ActiveCfg = Debug|x64
		{67476FE7-6BB8-4010-9B4E-841D4ED79BA5}.Debug|x64.Build.0 = Debug|x64
		{67476FE7-6BB8-4010-9B4E-841D4ED79BA5}.Debug|x86.ActiveCfg = Debug|Win32
		{67476FE7-6BB8-4010-9B4E-841D4ED79BA5}.Debug|x86.Build.0 = Debug|Win32
		{67476FE7-6BB8-4010-9B4E-841D4ED79BA5}.Release|x64.ActiveCfg = Release|x64
		{67476FE7-6BB8-4010-9B4E-841D4ED79BA5}.Release|x64.Build.0 = Release|x64
		{67476FE7-6BB8-4010-9B4E-841D4ED79BA5}.Release|x86.ActiveCfg = Release|Win32
		{67476FE7-6BB8-4010-9B4E-841D4ED79BA5}.Release|x86.Build.0 = Release|Win32
		{CE6DE408-11DD-4F8A-BFFE-5B4333B8BAB0}.Debug|x64.ActiveCfg = Debug|x64
		{CE6DE408-11DD-4F8A-BFFE-5B4333B8BAB0}.Debug|x64.Build.0 = Debug|x64
		{CE6DE408-11DD-4F8A-BFFE-5B4333B8BAB0}.Debug|x86.ActiveCfg = Debug|Win32
		{CE6DE408-11DD-4F8A-BFFE-5B4333B8BAB0}.Debug|x86.Build.0 = Debug|Win32
		{CE6DE408-11DD-4F8A-BFFE-5B4333B8BAB0}.Release|x64.ActiveCfg = Release|x64
		{CE6DE408-11DD-4F8A-BFFE-5B4333B8BAB0}.Release|x64.Build.0 = Release|x64
		{CE6DE408-11DD-4F8A-BFFE-5B4333B8BAB0}.Release|x86.ActiveCfg = Release|Win32
		{CE6DE408-11DD-4F8A-BFFE-5B4333B8BAB0}.Release|x86.Build.0 = Release|Win32
		{478B0BE1-7974-44AB-9E9A-3BFFA615C72C}.Debug|x64.ActiveCfg = Debug|x64
		{478B0BE1-7974-44AB-9E9A-3BFFA615C72C}.Debug|x64.Build.0 = Debug|x64
		{478B0BE1-7974-44AB-9E9A-3BFFA615C72C}.Debug|x86.ActiveCfg = Debug|Win32
		{478B0BE1-7974-44AB-9E9A-3BFFA615C72C}.Debug|x86.Build.0 = Debug|Win32
		{478B0BE1-7974-44AB-9E9A-3BFFA615C72C}.Release|x64.ActiveCfg = Release|x64
		{478B0BE1-7974-44AB-9E9A-3BFFA615C72C}.Release|x64.Build.0 = Release|x64
		{478B0BE1-7974-44AB-9E9A-3BFFA615C72C}.Release|x86.ActiveCfg = Release|Win32
		{478B0BE1-7974-44AB-9E9A-3BFFA615C72C}.Release|x86.Build.0 = Release|Win32
		{D961FA4F-F58B-4F11-9C9F-40E4480DEE38}.Debug|x64.ActiveCfg = Debug|x64
		{D961FA4F-F58B-4F11-9C9F-40E4480DEE38}.Debug|x64.Build.0 = Debug|x64
		{D961FA4F-F58B-4F11-9C9F-40E4480DEE38}.Debug|x86.ActiveCfg = Debug|Win32
		{D961FA4F-F58B-4F11-9C9F-40E4480DEE38}.Debug|x86.Build.0 = Debug|Win32
		{D961FA4F-F58B-4F11-9C9F-40E4480DEE38}.Release|x64.ActiveCfg = Release|x64
		{D961FA4F-F58B-4F11-9C9F-40E4480DEE38}.Release|x64.Build.0 = Release|x64
		{D961FA4F-F58B-4F11-9C9F-40E4480DEE38}.Release|x86.ActiveCfg = Release|Win32
		{D961FA4F-F58B-4F11-9C9F-40E4480DEE38}.Release|x86.Build.0 = Release|Win32
	EndGlobalSection
	GlobalSection(SolutionProperties) = preSolution
		HideSolutionNode = FALSE
	EndGlobalSection
	GlobalSection(NestedProjects) = preSolution
		{336D9ECC-201A-47A3-8DBE-AE934F232F28} = {8BD9A1D2-6659-40A6-BE3A-BC3D76E92028}
		{7D929CDA-5029-4F33-A484-25F035451AA1} = {8BD9A1D2-6659-40A6-BE3A-BC3D76E92028}
		{CA80F12D-85F7-47CA-B376-740ED20ED218} = {8BD9A1D2-6659-40A6-BE3A-BC3D76E92028}
		{7FD6EEE5-4C96-449F-8165-F7729716344E} = {A784CBA6-6E07-4EB6-B698-1D74CF44D110}
		{1A72FD93-E085-4C46-9B7B-9C169A80D0F2} = {95ACA36F-4D0F-41D9-9DF8-947CFB5D001C}
		{0C45D2AC-6F5D-4D87-8638-0EDE9687567A} = {8CB679DB-A067-4CD1-B966-1248F1C16D07}
		{D31FF858-3ABE-47CA-9F09-678ACF83D907} = {8CB679DB-A067-4CD1-B966-1248F1C16D07}
		{BAEBBCA5-2D81-4A4E-8BE4-93D351234795} = {8CB679DB-A067-4CD1-B966-1248F1C16D07}
		{29377CB2-F033-4393-B85F-5D7223E171FC} = {8CB679DB-A067-4CD1-B966-1248F1C16D07}
		{8F48C1DC-41B3-4FE3-9FC2-76A7D29E9018} = {B3532D52-62FC-4AFC-BAA3-A23A1D36A03A}
		{A9275E8C-766F-4760-9B6C-75C72AE728D2} = {B3532D52-62FC-4AFC-BAA3-A23A1D36A03A}
		{12F8C955-B158-4DE4-B601-7944A407C6BA} = {32C5928E-3D83-4AAB-9BBC-E993E8CAEE28}
		{2E9A5F68-5C5F-42E9-ABA3-882A660FCA87} = {32C5928E-3D83-4AAB-9BBC-E993E8CAEE28}
		{8DDF6B67-7B3F-4A9C-BF74-1110B2CE8B1C} = {5BC6E63B-44E7-430F-B167-54BBBB0F5854}
		{07895C95-B91D-4270-B8A2-3121E22CB569} = {5BC6E63B-44E7-430F-B167-54BBBB0F5854}
		{B721E1F1-54D0-4CB3-B495-B75C1529DF35} = {5BC6E63B-44E7-430F-B167-54BBBB0F5854}
		{399112CD-8CA2-49B1-BA92-2EB442146425} = {5BC6E63B-44E7-430F-B167-54BBBB0F5854}
		{3D369964-D4E9-4FE6-A9CB-B8C5B813FE63} = {5BC6E63B-44E7-430F-B167-54BBBB0F5854}
		{F3B9F32D-4A5B-4985-A6F1-DBBB0824BD95} = {5BC6E63B-44E7-430F-B167-54BBBB0F5854}
		{ABA3C982-8B54-4BFC-88D8-9FCEA334FFC5} = {B5775264-9D55-4F4A-9F34-1CC47D839297}
		{BA7603F0-A09C-4ECB-A377-CDCC12333A1E} = {B5775264-9D55-4F4A-9F34-1CC47D839297}
		{A23B36A9-7C45-4ED6-B7A3-04D2683A9583} = {B5775264-9D55-4F4A-9F34-1CC47D839297}
		{6DE6FD1F-E68E-43C4-8085-E3286C884D24} = {B5775264-9D55-4F4A-9F34-1CC47D839297}
		{7BA3DE7F-EEDB-43A2-AB6A-EF72F1DF4C8F} = {8BD9A1D2-6659-40A6-BE3A-BC3D76E92028}
		{7C09A318-D710-41FB-A5EB-58B2EE939119} = {8BD9A1D2-6659-40A6-BE3A-BC3D76E92028}
		{BC0187AC-22D0-4B67-982B-9AFB9FF77982} = {A784CBA6-6E07-4EB6-B698-1D74CF44D110}
		{37393E10-061B-40A7-8FF7-5231866E96E6} = {95ACA36F-4D0F-41D9-9DF8-947CFB5D001C}
		{7E9CFAD0-63DD-4760-9DAA-49748066E65D} = {8CB679DB-A067-4CD1-B966-1248F1C16D07}
		{D259E216-5CB5-4CBA-9839-8123CEADAE88} = {8CB679DB-A067-4CD1-B966-1248F1C16D07}
		{52A5996F-8FA2-4A16-9DC3-1DC3687E58F6} = {3C2303C8-456B-4203-8998-E28F81CCE764}
		{687266D2-EDB5-491C-842A-0AC2321C3765} = {3C2303C8-456B-4203-8998-E28F81CCE764}
		{B1480C29-C5DA-485E-9CD1-8C21ACA17291} = {3C2303C8-456B-4203-8998-E28F81CCE764}
		{2FDF919B-74D3-4991-9119-EAA95067A666} = {3C2303C8-456B-4203-8998-E28F81CCE764}
		{02F8D337-47C2-4279-89F3-BAD75255AECA} = {3C2303C8-456B-4203-8998-E28F81CCE764}
		{26AAA5BA-1641-4ACB-9756-6733F7B22C88} = {3C2303C8-456B-4203-8998-E28F81CCE764}
		{70823476-88EF-4358-BEA7-F41F8CF1F99C} = {3C2303C8-456B-4203-8998-E28F81CCE764}
		{E992D1F1-4BBB-4918-8D73-8F7BFB45C42C} = {8CB679DB-A067-4CD1-B966-1248F1C16D07}
		{75765D2A-F9B0-4050-BBB0-2AB8BFB053CB} = {5BC6E63B-44E7-430F-B167-54BBBB0F5854}
		{A836A631-050F-4C16-9518-566C9ED6E7F5} = {5BC6E63B-44E7-430F-B167-54BBBB0F5854}
		{240440F1-9197-41CA-B39B-21358A6C78FA} = {5BC6E63B-44E7-430F-B167-54BBBB0F5854}
		{FDEB792B-DF0A-4355-9E08-80E31A3DD215} = {5BC6E63B-44E7-430F-B167-54BBBB0F5854}
		{1DA21984-1C0A-4A40-928F-0DD3ACD80B6B} = {5BC6E63B-44E7-430F-B167-54BBBB0F5854}
		{EF8F75DA-4B5F-4A84-90CA-10C9DF25EE28} = {B5775264-9D55-4F4A-9F34-1CC47D839297}
		{477253EA-1F19-443E-A684-D8B2E20138AF} = {B5775264-9D55-4F4A-9F34-1CC47D839297}
		{FFE59B90-5CC7-4746-A533-8E5DDADA29FA} = {B5775264-9D55-4F4A-9F34-1CC47D839297}
		{0770921E-12CE-425F-BEBF-2B52ECAB6F7A} = {73D36987-B0FE-4602-9E02-D390FE252C02}
		{7796B06F-5A4E-42ED-A408-11A19B837D00} = {73D36987-B0FE-4602-9E02-D390FE252C02}
		{D2248E59-3E39-40C3-8101-719D04489A19} = {73D36987-B0FE-4602-9E02-D390FE252C02}
		{4258457A-9EF2-40D5-8C93-86BCC5B7B9EA} = {73D36987-B0FE-4602-9E02-D390FE252C02}
		{D95C5F2A-C161-49CF-BA72-357850AFF530} = {02EA681E-C7D8-13C7-8484-4AC65E1B71E8}
		{F5811083-7B61-40DB-8E64-1DC06E747858} = {02EA681E-C7D8-13C7-8484-4AC65E1B71E8}
		{A9105D0D-FE37-4802-A3B5-DFFFB9EC3FDA} = {F27BD3B7-9608-466B-98E6-A389F39E28E3}
		{D6672E06-729C-47FA-BBEB-C2F05ADF0E83} = {F27BD3B7-9608-466B-98E6-A389F39E28E3}
		{C1CF8CBC-2A27-4E03-8DA1-52ED1BB2873A} = {F27BD3B7-9608-466B-98E6-A389F39E28E3}
		{51291BED-00EE-4B99-91BF-FB035ADE635B} = {02EA681E-C7D8-13C7-8484-4AC65E1B71E8}
		{79AF7735-D9A1-4377-943F-68F9D8011DE6} = {02EA681E-C7D8-13C7-8484-4AC65E1B71E8}
		{47A682E3-28DB-4559-A2AA-7B0C4900993C} = {F27BD3B7-9608-466B-98E6-A389F39E28E3}
		{9DC18E3D-F713-4439-B264-98574C995E58} = {F27BD3B7-9608-466B-98E6-A389F39E28E3}
		{E34E7CB4-0E43-4C46-9926-B7282A3B7694} = {F27BD3B7-9608-466B-98E6-A389F39E28E3}
		{AF53A858-95B9-48DC-A872-51B6269DBE56} = {A07A65BA-75FC-4B4C-B416-8BE29A158C97}
		{B1A78A6E-F950-4D7D-B430-4D63C413CEBE} = {A07A65BA-75FC-4B4C-B416-8BE29A158C97}
		{6ECAE1D8-05A1-4831-9A34-AA1E25D48EE2} = {A07A65BA-75FC-4B4C-B416-8BE29A158C97}
		{79498142-C721-43D4-A177-1B2F15E2FD9F} = {68BC870C-78B3-4B60-864E-40C17F9723A6}
		{3BCEFB2C-4459-4359-BAC1-C2CA82F951C7} = {68BC870C-78B3-4B60-864E-40C17F9723A6}
		{98ADB19F-8ECF-417B-BFFB-CFAC6CD9ABBD} = {7CD78245-8BE1-4885-958E-F68E182B4AA0}
		{A67E23DF-BF2B-4DBE-88F9-C82F4AF6ACB6} = {7CD78245-8BE1-4885-958E-F68E182B4AA0}
		{21DE666C-C64A-436C-9070-E5239755419E} = {D2B9E73C-3FA3-4E65-98F6-D647E9E112BD}
		{5A1FBFF1-BD0A-49A8-8DAF-9D08F931B49E} = {D2B9E73C-3FA3-4E65-98F6-D647E9E112BD}
		{DAE1FB29-C9D4-4239-8668-40C9DA6492EE} = {D2B9E73C-3FA3-4E65-98F6-D647E9E112BD}
		{D989CA00-E07F-466B-97A1-DFD1EB7FEC0B} = {C52B2EA3-E696-4F6A-A89B-07585648067F}
		{ED1AE733-3E93-469A-944C-073691079678} = {C52B2EA3-E696-4F6A-A89B-07585648067F}
		{E2BDFA77-4872-4E10-8BA5-1D354E6089D0} = {A07A65BA-75FC-4B4C-B416-8BE29A158C97}
		{05F16BF1-FA3D-4EDC-831E-44B5B84AABD5} = {A07A65BA-75FC-4B4C-B416-8BE29A158C97}
		{E6B19885-4F18-4FF3-B7F7-5D0D8EC86594} = {A07A65BA-75FC-4B4C-B416-8BE29A158C97}
		{49E56714-7038-4495-94D0-D82DD5FC2EC6} = {68BC870C-78B3-4B60-864E-40C17F9723A6}
		{BFB4B9E9-E1B9-4915-B43E-42389E0DCEBA} = {68BC870C-78B3-4B60-864E-40C17F9723A6}
		{DB1B7607-F515-46D5-95D3-CD10715827E9} = {7CD78245-8BE1-4885-958E-F68E182B4AA0}
		{67476FE7-6BB8-4010-9B4E-841D4ED79BA5} = {7CD78245-8BE1-4885-958E-F68E182B4AA0}
		{CE6DE408-11DD-4F8A-BFFE-5B4333B8BAB0} = {65A63791-E897-41F8-81A2-16558BE6A5F5}
		{478B0BE1-7974-44AB-9E9A-3BFFA615C72C} = {CCC02892-B5A9-480F-88FA-A9B15A6CE055}
		{D961FA4F-F58B-4F11-9C9F-40E4480DEE38} = {CCC02892-B5A9-480F-88FA-A9B15A6CE055}
	EndGlobalSection
	GlobalSection(ExtensibilityGlobals) = postSolution
		SolutionGuid = {88D833D9-8A99-4FC5-A137-0A978E3703DF}
	EndGlobalSection
EndGlobal
