
Microsoft Visual Studio Solution File, Format Version 12.00
# Visual Studio Version 17
VisualStudioVersion = 17.11.35219.272
MinimumVisualStudioVersion = 10.0.40219.1
Project("{2150E333-8FDC-42A3-9474-1A3956D46DE8}") = "Lecture_1", "Lecture_1", "{0E8EC625-0616-4F66-9152-115D54C8794E}"
EndProject
Project("{8BC9CEB8-8B4A-11D0-8D11-00A0C91BC942}") = "Evclid", "Windows\Lecture_1\Evclid\Evclid.vcxproj", "{E2E084B2-BE4C-4A19-AE8E-268DEA8DE05F}"
EndProject
Project("{2150E333-8FDC-42A3-9474-1A3956D46DE8}") = "Lecture_2", "Lecture_2", "{8BD9A1D2-6659-40A6-BE3A-BC3D76E92028}"
EndProject
Project("{8BC9CEB8-8B4A-11D0-8D11-00A0C91BC942}") = "1_IsInclude7", "Windows\Lecture_2\IsInclude7\IsInclude7.vcxproj", "{336D9ECC-201A-47A3-8DBE-AE934F232F28}"
EndProject
Project("{8BC9CEB8-8B4A-11D0-8D11-00A0C91BC942}") = "2_TestProstoty", "Windows\Lecture_2\TestProstoty\TestProstoty.vcxproj", "{7D929CDA-5029-4F33-A484-25F035451AA1}"
EndProject
Project("{8BC9CEB8-8B4A-11D0-8D11-00A0C91BC942}") = "3_RazlozhNaMnozhiteli", "Windows\Lecture_2\RazlozhNaMnozhiteli\RazlozhNaMnozhiteli.vcxproj", "{CA80F12D-85F7-47CA-B376-740ED20ED218}"
EndProject
Project("{2150E333-8FDC-42A3-9474-1A3956D46DE8}") = "Lecture_3", "Lecture_3", "{A784CBA6-6E07-4EB6-B698-1D74CF44D110}"
EndProject
Project("{8BC9CEB8-8B4A-11D0-8D11-00A0C91BC942}") = "Expressions", "Windows\Lecture_3\Expressions\Expressions.vcxproj", "{7FD6EEE5-4C96-449F-8165-F7729716344E}"
EndProject
Project("{2150E333-8FDC-42A3-9474-1A3956D46DE8}") = "Lecture_4", "Lecture_4", "{95ACA36F-4D0F-41D9-9DF8-947CFB5D001C}"
EndProject
Project("{8BC9CEB8-8B4A-11D0-8D11-00A0C91BC942}") = "SieveOfEratosthenes", "Windows\Lecture_4\SieveOfEratosthenes\SieveOfEratosthenes.vcxproj", "{1A72FD93-E085-4C46-9B7B-9C169A80D0F2}"
EndProject
Project("{2150E333-8FDC-42A3-9474-1A3956D46DE8}") = "Lecture_5", "Lecture_5", "{8CB679DB-A067-4CD1-B966-1248F1C16D07}"
EndProject
Project("{8BC9CEB8-8B4A-11D0-8D11-00A0C91BC942}") = "ArrayResize", "Windows\Lecture_5\ArrayResize\ArrayResize.vcxproj", "{0C45D2AC-6F5D-4D87-8638-0EDE9687567A}"
EndProject
Project("{8BC9CEB8-8B4A-11D0-8D11-00A0C91BC942}") = "Stack", "Windows\Lecture_5\Stack\Stack.vcxproj", "{D31FF858-3ABE-47CA-9F09-678ACF83D907}"
EndProject
Project("{8BC9CEB8-8B4A-11D0-8D11-00A0C91BC942}") = "CheckSort", "Windows\Lecture_5\CheckSort\CheckSort.vcxproj", "{BAEBBCA5-2D81-4A4E-8BE4-93D351234795}"
EndProject
Project("{8BC9CEB8-8B4A-11D0-8D11-00A0C91BC942}") = "lec_05", "Windows\Lecture_5\lec_05\lec_05.vcxproj", "{29377CB2-F033-4393-B85F-5D7223E171FC}"
EndProject
Project("{2150E333-8FDC-42A3-9474-1A3956D46DE8}") = "Lecture_6", "Lecture_6", "{B3532D52-62FC-4AFC-BAA3-A23A1D36A03A}"
EndProject
Project("{8BC9CEB8-8B4A-11D0-8D11-00A0C91BC942}") = "lec_6", "Windows\Lecture_6\lec_6\lec_6.vcxproj", "{8F48C1DC-41B3-4FE3-9FC2-76A7D29E9018}"
EndProject
Project("{8BC9CEB8-8B4A-11D0-8D11-00A0C91BC942}") = "malloc_c", "Windows\Lecture_6\malloc_c\malloc_c.vcxproj", "{A9275E8C-766F-4760-9B6C-75C72AE728D2}"
EndProject
Project("{8BC9CEB8-8B4A-11D0-8D11-00A0C91BC942}") = "memory", "memory\memory.vcxproj", "{D4870C97-8DC2-49EF-8398-D82B9F7CC83F}"
EndProject
Project("{2150E333-8FDC-42A3-9474-1A3956D46DE8}") = "Lecture_7", "Lecture_7", "{32C5928E-3D83-4AAB-9BBC-E993E8CAEE28}"
EndProject
Project("{8BC9CEB8-8B4A-11D0-8D11-00A0C91BC942}") = "TwoDimensionArray", "Windows\Lecture_7\TwoDimensionArray\TwoDimensionArray.vcxproj", "{12F8C955-B158-4DE4-B601-7944A407C6BA}"
EndProject
Project("{8BC9CEB8-8B4A-11D0-8D11-00A0C91BC942}") = "TwoDimensionDynamicArray", "Windows\Lecture_7\TwoDimensionDynamicArray\TwoDimensionDynamicArray.vcxproj", "{2E9A5F68-5C5F-42E9-ABA3-882A660FCA87}"
EndProject
Project("{2150E333-8FDC-42A3-9474-1A3956D46DE8}") = "Lecture_8", "Lecture_8", "{5BC6E63B-44E7-430F-B167-54BBBB0F5854}"
EndProject
Project("{8BC9CEB8-8B4A-11D0-8D11-00A0C91BC942}") = "Find", "Windows\Lecture_8\Find\Find.vcxproj", "{8DDF6B67-7B3F-4A9C-BF74-1110B2CE8B1C}"
EndProject
Project("{8BC9CEB8-8B4A-11D0-8D11-00A0C91BC942}") = "InsertSort", "Windows\Lecture_8\InsertSort\InsertSort.vcxproj", "{07895C95-B91D-4270-B8A2-3121E22CB569}"
EndProject
Global
	GlobalSection(SolutionConfigurationPlatforms) = preSolution
		Debug|x64 = Debug|x64
		Debug|x86 = Debug|x86
		Release|x64 = Release|x64
		Release|x86 = Release|x86
	EndGlobalSection
	GlobalSection(ProjectConfigurationPlatforms) = postSolution
		{E2E084B2-BE4C-4A19-AE8E-268DEA8DE05F}.Debug|x64.ActiveCfg = Debug|x64
		{E2E084B2-BE4C-4A19-AE8E-268DEA8DE05F}.Debug|x64.Build.0 = Debug|x64
		{E2E084B2-BE4C-4A19-AE8E-268DEA8DE05F}.Debug|x86.ActiveCfg = Debug|Win32
		{E2E084B2-BE4C-4A19-AE8E-268DEA8DE05F}.Debug|x86.Build.0 = Debug|Win32
		{E2E084B2-BE4C-4A19-AE8E-268DEA8DE05F}.Release|x64.ActiveCfg = Release|x64
		{E2E084B2-BE4C-4A19-AE8E-268DEA8DE05F}.Release|x64.Build.0 = Release|x64
		{E2E084B2-BE4C-4A19-AE8E-268DEA8DE05F}.Release|x86.ActiveCfg = Release|Win32
		{E2E084B2-BE4C-4A19-AE8E-268DEA8DE05F}.Release|x86.Build.0 = Release|Win32
		{336D9ECC-201A-47A3-8DBE-AE934F232F28}.Debug|x64.ActiveCfg = Debug|x64
		{336D9ECC-201A-47A3-8DBE-AE934F232F28}.Debug|x64.Build.0 = Debug|x64
		{336D9ECC-201A-47A3-8DBE-AE934F232F28}.Debug|x86.ActiveCfg = Debug|Win32
		{336D9ECC-201A-47A3-8DBE-AE934F232F28}.Debug|x86.Build.0 = Debug|Win32
		{336D9ECC-201A-47A3-8DBE-AE934F232F28}.Release|x64.ActiveCfg = Release|x64
		{336D9ECC-201A-47A3-8DBE-AE934F232F28}.Release|x64.Build.0 = Release|x64
		{336D9ECC-201A-47A3-8DBE-AE934F232F28}.Release|x86.ActiveCfg = Release|Win32
		{336D9ECC-201A-47A3-8DBE-AE934F232F28}.Release|x86.Build.0 = Release|Win32
		{7D929CDA-5029-4F33-A484-25F035451AA1}.Debug|x64.ActiveCfg = Debug|x64
		{7D929CDA-5029-4F33-A484-25F035451AA1}.Debug|x64.Build.0 = Debug|x64
		{7D929CDA-5029-4F33-A484-25F035451AA1}.Debug|x86.ActiveCfg = Debug|Win32
		{7D929CDA-5029-4F33-A484-25F035451AA1}.Debug|x86.Build.0 = Debug|Win32
		{7D929CDA-5029-4F33-A484-25F035451AA1}.Release|x64.ActiveCfg = Release|x64
		{7D929CDA-5029-4F33-A484-25F035451AA1}.Release|x64.Build.0 = Release|x64
		{7D929CDA-5029-4F33-A484-25F035451AA1}.Release|x86.ActiveCfg = Release|Win32
		{7D929CDA-5029-4F33-A484-25F035451AA1}.Release|x86.Build.0 = Release|Win32
		{CA80F12D-85F7-47CA-B376-740ED20ED218}.Debug|x64.ActiveCfg = Debug|x64
		{CA80F12D-85F7-47CA-B376-740ED20ED218}.Debug|x64.Build.0 = Debug|x64
		{CA80F12D-85F7-47CA-B376-740ED20ED218}.Debug|x86.ActiveCfg = Debug|Win32
		{CA80F12D-85F7-47CA-B376-740ED20ED218}.Debug|x86.Build.0 = Debug|Win32
		{CA80F12D-85F7-47CA-B376-740ED20ED218}.Release|x64.ActiveCfg = Release|x64
		{CA80F12D-85F7-47CA-B376-740ED20ED218}.Release|x64.Build.0 = Release|x64
		{CA80F12D-85F7-47CA-B376-740ED20ED218}.Release|x86.ActiveCfg = Release|Win32
		{CA80F12D-85F7-47CA-B376-740ED20ED218}.Release|x86.Build.0 = Release|Win32
		{7FD6EEE5-4C96-449F-8165-F7729716344E}.Debug|x64.ActiveCfg = Debug|x64
		{7FD6EEE5-4C96-449F-8165-F7729716344E}.Debug|x64.Build.0 = Debug|x64
		{7FD6EEE5-4C96-449F-8165-F7729716344E}.Debug|x86.ActiveCfg = Debug|Win32
		{7FD6EEE5-4C96-449F-8165-F7729716344E}.Debug|x86.Build.0 = Debug|Win32
		{7FD6EEE5-4C96-449F-8165-F7729716344E}.Release|x64.ActiveCfg = Release|x64
		{7FD6EEE5-4C96-449F-8165-F7729716344E}.Release|x64.Build.0 = Release|x64
		{7FD6EEE5-4C96-449F-8165-F7729716344E}.Release|x86.ActiveCfg = Release|Win32
		{7FD6EEE5-4C96-449F-8165-F7729716344E}.Release|x86.Build.0 = Release|Win32
		{1A72FD93-E085-4C46-9B7B-9C169A80D0F2}.Debug|x64.ActiveCfg = Debug|x64
		{1A72FD93-E085-4C46-9B7B-9C169A80D0F2}.Debug|x64.Build.0 = Debug|x64
		{1A72FD93-E085-4C46-9B7B-9C169A80D0F2}.Debug|x86.ActiveCfg = Debug|Win32
		{1A72FD93-E085-4C46-9B7B-9C169A80D0F2}.Debug|x86.Build.0 = Debug|Win32
		{1A72FD93-E085-4C46-9B7B-9C169A80D0F2}.Release|x64.ActiveCfg = Release|x64
		{1A72FD93-E085-4C46-9B7B-9C169A80D0F2}.Release|x64.Build.0 = Release|x64
		{1A72FD93-E085-4C46-9B7B-9C169A80D0F2}.Release|x86.ActiveCfg = Release|Win32
		{1A72FD93-E085-4C46-9B7B-9C169A80D0F2}.Release|x86.Build.0 = Release|Win32
		{0C45D2AC-6F5D-4D87-8638-0EDE9687567A}.Debug|x64.ActiveCfg = Debug|x64
		{0C45D2AC-6F5D-4D87-8638-0EDE9687567A}.Debug|x64.Build.0 = Debug|x64
		{0C45D2AC-6F5D-4D87-8638-0EDE9687567A}.Debug|x86.ActiveCfg = Debug|Win32
		{0C45D2AC-6F5D-4D87-8638-0EDE9687567A}.Debug|x86.Build.0 = Debug|Win32
		{0C45D2AC-6F5D-4D87-8638-0EDE9687567A}.Release|x64.ActiveCfg = Release|x64
		{0C45D2AC-6F5D-4D87-8638-0EDE9687567A}.Release|x64.Build.0 = Release|x64
		{0C45D2AC-6F5D-4D87-8638-0EDE9687567A}.Release|x86.ActiveCfg = Release|Win32
		{0C45D2AC-6F5D-4D87-8638-0EDE9687567A}.Release|x86.Build.0 = Release|Win32
		{D31FF858-3ABE-47CA-9F09-678ACF83D907}.Debug|x64.ActiveCfg = Debug|x64
		{D31FF858-3ABE-47CA-9F09-678ACF83D907}.Debug|x64.Build.0 = Debug|x64
		{D31FF858-3ABE-47CA-9F09-678ACF83D907}.Debug|x86.ActiveCfg = Debug|Win32
		{D31FF858-3ABE-47CA-9F09-678ACF83D907}.Debug|x86.Build.0 = Debug|Win32
		{D31FF858-3ABE-47CA-9F09-678ACF83D907}.Release|x64.ActiveCfg = Release|x64
		{D31FF858-3ABE-47CA-9F09-678ACF83D907}.Release|x64.Build.0 = Release|x64
		{D31FF858-3ABE-47CA-9F09-678ACF83D907}.Release|x86.ActiveCfg = Release|Win32
		{D31FF858-3ABE-47CA-9F09-678ACF83D907}.Release|x86.Build.0 = Release|Win32
		{BAEBBCA5-2D81-4A4E-8BE4-93D351234795}.Debug|x64.ActiveCfg = Debug|x64
		{BAEBBCA5-2D81-4A4E-8BE4-93D351234795}.Debug|x64.Build.0 = Debug|x64
		{BAEBBCA5-2D81-4A4E-8BE4-93D351234795}.Debug|x86.ActiveCfg = Debug|Win32
		{BAEBBCA5-2D81-4A4E-8BE4-93D351234795}.Debug|x86.Build.0 = Debug|Win32
		{BAEBBCA5-2D81-4A4E-8BE4-93D351234795}.Release|x64.ActiveCfg = Release|x64
		{BAEBBCA5-2D81-4A4E-8BE4-93D351234795}.Release|x64.Build.0 = Release|x64
		{BAEBBCA5-2D81-4A4E-8BE4-93D351234795}.Release|x86.ActiveCfg = Release|Win32
		{BAEBBCA5-2D81-4A4E-8BE4-93D351234795}.Release|x86.Build.0 = Release|Win32
		{29377CB2-F033-4393-B85F-5D7223E171FC}.Debug|x64.ActiveCfg = Debug|x64
		{29377CB2-F033-4393-B85F-5D7223E171FC}.Debug|x64.Build.0 = Debug|x64
		{29377CB2-F033-4393-B85F-5D7223E171FC}.Debug|x86.ActiveCfg = Debug|Win32
		{29377CB2-F033-4393-B85F-5D7223E171FC}.Debug|x86.Build.0 = Debug|Win32
		{29377CB2-F033-4393-B85F-5D7223E171FC}.Release|x64.ActiveCfg = Release|x64
		{29377CB2-F033-4393-B85F-5D7223E171FC}.Release|x64.Build.0 = Release|x64
		{29377CB2-F033-4393-B85F-5D7223E171FC}.Release|x86.ActiveCfg = Release|Win32
		{29377CB2-F033-4393-B85F-5D7223E171FC}.Release|x86.Build.0 = Release|Win32
		{8F48C1DC-41B3-4FE3-9FC2-76A7D29E9018}.Debug|x64.ActiveCfg = Debug|x64
		{8F48C1DC-41B3-4FE3-9FC2-76A7D29E9018}.Debug|x64.Build.0 = Debug|x64
		{8F48C1DC-41B3-4FE3-9FC2-76A7D29E9018}.Debug|x86.ActiveCfg = Debug|Win32
		{8F48C1DC-41B3-4FE3-9FC2-76A7D29E9018}.Debug|x86.Build.0 = Debug|Win32
		{8F48C1DC-41B3-4FE3-9FC2-76A7D29E9018}.Release|x64.ActiveCfg = Release|x64
		{8F48C1DC-41B3-4FE3-9FC2-76A7D29E9018}.Release|x64.Build.0 = Release|x64
		{8F48C1DC-41B3-4FE3-9FC2-76A7D29E9018}.Release|x86.ActiveCfg = Release|Win32
		{8F48C1DC-41B3-4FE3-9FC2-76A7D29E9018}.Release|x86.Build.0 = Release|Win32
		{A9275E8C-766F-4760-9B6C-75C72AE728D2}.Debug|x64.ActiveCfg = Debug|x64
		{A9275E8C-766F-4760-9B6C-75C72AE728D2}.Debug|x64.Build.0 = Debug|x64
		{A9275E8C-766F-4760-9B6C-75C72AE728D2}.Debug|x86.ActiveCfg = Debug|Win32
		{A9275E8C-766F-4760-9B6C-75C72AE728D2}.Debug|x86.Build.0 = Debug|Win32
		{A9275E8C-766F-4760-9B6C-75C72AE728D2}.Release|x64.ActiveCfg = Release|x64
		{A9275E8C-766F-4760-9B6C-75C72AE728D2}.Release|x64.Build.0 = Release|x64
		{A9275E8C-766F-4760-9B6C-75C72AE728D2}.Release|x86.ActiveCfg = Release|Win32
		{A9275E8C-766F-4760-9B6C-75C72AE728D2}.Release|x86.Build.0 = Release|Win32
		{D4870C97-8DC2-49EF-8398-D82B9F7CC83F}.Debug|x64.ActiveCfg = Debug|x64
		{D4870C97-8DC2-49EF-8398-D82B9F7CC83F}.Debug|x64.Build.0 = Debug|x64
		{D4870C97-8DC2-49EF-8398-D82B9F7CC83F}.Debug|x86.ActiveCfg = Debug|Win32
		{D4870C97-8DC2-49EF-8398-D82B9F7CC83F}.Debug|x86.Build.0 = Debug|Win32
		{D4870C97-8DC2-49EF-8398-D82B9F7CC83F}.Release|x64.ActiveCfg = Release|x64
		{D4870C97-8DC2-49EF-8398-D82B9F7CC83F}.Release|x64.Build.0 = Release|x64
		{D4870C97-8DC2-49EF-8398-D82B9F7CC83F}.Release|x86.ActiveCfg = Release|Win32
		{D4870C97-8DC2-49EF-8398-D82B9F7CC83F}.Release|x86.Build.0 = Release|Win32
		{12F8C955-B158-4DE4-B601-7944A407C6BA}.Debug|x64.ActiveCfg = Debug|x64
		{12F8C955-B158-4DE4-B601-7944A407C6BA}.Debug|x64.Build.0 = Debug|x64
		{12F8C955-B158-4DE4-B601-7944A407C6BA}.Debug|x86.ActiveCfg = Debug|Win32
		{12F8C955-B158-4DE4-B601-7944A407C6BA}.Debug|x86.Build.0 = Debug|Win32
		{12F8C955-B158-4DE4-B601-7944A407C6BA}.Release|x64.ActiveCfg = Release|x64
		{12F8C955-B158-4DE4-B601-7944A407C6BA}.Release|x64.Build.0 = Release|x64
		{12F8C955-B158-4DE4-B601-7944A407C6BA}.Release|x86.ActiveCfg = Release|Win32
		{12F8C955-B158-4DE4-B601-7944A407C6BA}.Release|x86.Build.0 = Release|Win32
		{2E9A5F68-5C5F-42E9-ABA3-882A660FCA87}.Debug|x64.ActiveCfg = Debug|x64
		{2E9A5F68-5C5F-42E9-ABA3-882A660FCA87}.Debug|x64.Build.0 = Debug|x64
		{2E9A5F68-5C5F-42E9-ABA3-882A660FCA87}.Debug|x86.ActiveCfg = Debug|Win32
		{2E9A5F68-5C5F-42E9-ABA3-882A660FCA87}.Debug|x86.Build.0 = Debug|Win32
		{2E9A5F68-5C5F-42E9-ABA3-882A660FCA87}.Release|x64.ActiveCfg = Release|x64
		{2E9A5F68-5C5F-42E9-ABA3-882A660FCA87}.Release|x64.Build.0 = Release|x64
		{2E9A5F68-5C5F-42E9-ABA3-882A660FCA87}.Release|x86.ActiveCfg = Release|Win32
		{2E9A5F68-5C5F-42E9-ABA3-882A660FCA87}.Release|x86.Build.0 = Release|Win32
		{8DDF6B67-7B3F-4A9C-BF74-1110B2CE8B1C}.Debug|x64.ActiveCfg = Debug|x64
		{8DDF6B67-7B3F-4A9C-BF74-1110B2CE8B1C}.Debug|x64.Build.0 = Debug|x64
		{8DDF6B67-7B3F-4A9C-BF74-1110B2CE8B1C}.Debug|x86.ActiveCfg = Debug|Win32
		{8DDF6B67-7B3F-4A9C-BF74-1110B2CE8B1C}.Debug|x86.Build.0 = Debug|Win32
		{8DDF6B67-7B3F-4A9C-BF74-1110B2CE8B1C}.Release|x64.ActiveCfg = Release|x64
		{8DDF6B67-7B3F-4A9C-BF74-1110B2CE8B1C}.Release|x64.Build.0 = Release|x64
		{8DDF6B67-7B3F-4A9C-BF74-1110B2CE8B1C}.Release|x86.ActiveCfg = Release|Win32
		{8DDF6B67-7B3F-4A9C-BF74-1110B2CE8B1C}.Release|x86.Build.0 = Release|Win32
		{07895C95-B91D-4270-B8A2-3121E22CB569}.Debug|x64.ActiveCfg = Debug|x64
		{07895C95-B91D-4270-B8A2-3121E22CB569}.Debug|x64.Build.0 = Debug|x64
		{07895C95-B91D-4270-B8A2-3121E22CB569}.Debug|x86.ActiveCfg = Debug|Win32
		{07895C95-B91D-4270-B8A2-3121E22CB569}.Debug|x86.Build.0 = Debug|Win32
		{07895C95-B91D-4270-B8A2-3121E22CB569}.Release|x64.ActiveCfg = Release|x64
		{07895C95-B91D-4270-B8A2-3121E22CB569}.Release|x64.Build.0 = Release|x64
		{07895C95-B91D-4270-B8A2-3121E22CB569}.Release|x86.ActiveCfg = Release|Win32
		{07895C95-B91D-4270-B8A2-3121E22CB569}.Release|x86.Build.0 = Release|Win32
	EndGlobalSection
	GlobalSection(SolutionProperties) = preSolution
		HideSolutionNode = FALSE
	EndGlobalSection
	GlobalSection(NestedProjects) = preSolution
		{E2E084B2-BE4C-4A19-AE8E-268DEA8DE05F} = {0E8EC625-0616-4F66-9152-115D54C8794E}
		{336D9ECC-201A-47A3-8DBE-AE934F232F28} = {8BD9A1D2-6659-40A6-BE3A-BC3D76E92028}
		{7D929CDA-5029-4F33-A484-25F035451AA1} = {8BD9A1D2-6659-40A6-BE3A-BC3D76E92028}
		{CA80F12D-85F7-47CA-B376-740ED20ED218} = {8BD9A1D2-6659-40A6-BE3A-BC3D76E92028}
		{7FD6EEE5-4C96-449F-8165-F7729716344E} = {A784CBA6-6E07-4EB6-B698-1D74CF44D110}
		{1A72FD93-E085-4C46-9B7B-9C169A80D0F2} = {95ACA36F-4D0F-41D9-9DF8-947CFB5D001C}
		{0C45D2AC-6F5D-4D87-8638-0EDE9687567A} = {8CB679DB-A067-4CD1-B966-1248F1C16D07}
		{D31FF858-3ABE-47CA-9F09-678ACF83D907} = {8CB679DB-A067-4CD1-B966-1248F1C16D07}
		{BAEBBCA5-2D81-4A4E-8BE4-93D351234795} = {8CB679DB-A067-4CD1-B966-1248F1C16D07}
		{29377CB2-F033-4393-B85F-5D7223E171FC} = {8CB679DB-A067-4CD1-B966-1248F1C16D07}
		{8F48C1DC-41B3-4FE3-9FC2-76A7D29E9018} = {B3532D52-62FC-4AFC-BAA3-A23A1D36A03A}
		{A9275E8C-766F-4760-9B6C-75C72AE728D2} = {B3532D52-62FC-4AFC-BAA3-A23A1D36A03A}
		{D4870C97-8DC2-49EF-8398-D82B9F7CC83F} = {B3532D52-62FC-4AFC-BAA3-A23A1D36A03A}
		{12F8C955-B158-4DE4-B601-7944A407C6BA} = {32C5928E-3D83-4AAB-9BBC-E993E8CAEE28}
		{2E9A5F68-5C5F-42E9-ABA3-882A660FCA87} = {32C5928E-3D83-4AAB-9BBC-E993E8CAEE28}
		{8DDF6B67-7B3F-4A9C-BF74-1110B2CE8B1C} = {5BC6E63B-44E7-430F-B167-54BBBB0F5854}
		{07895C95-B91D-4270-B8A2-3121E22CB569} = {5BC6E63B-44E7-430F-B167-54BBBB0F5854}
	EndGlobalSection
	GlobalSection(ExtensibilityGlobals) = postSolution
		SolutionGuid = {88D833D9-8A99-4FC5-A137-0A978E3703DF}
	EndGlobalSection
EndGlobal
