
Microsoft Visual Studio Solution File, Format Version 12.00
# Visual Studio Version 17
VisualStudioVersion = 17.11.35219.272
MinimumVisualStudioVersion = 10.0.40219.1
Project("{9A19103F-16F7-4668-BE54-9A1E7A4F7556}") = "Lection_1", "Lection_1\Lection_1.csproj", "{C2B59B71-AE17-4B4A-A423-13AB9BC04F55}"
EndProject
Global
	GlobalSection(SolutionConfigurationPlatforms) = preSolution
		Debug|Any CPU = Debug|Any CPU
		Release|Any CPU = Release|Any CPU
	EndGlobalSection
	GlobalSection(ProjectConfigurationPlatforms) = postSolution
		{C2B59B71-AE17-4B4A-A423-13AB9BC04F55}.Debug|Any CPU.ActiveCfg = Debug|Any CPU
		{C2B59B71-AE17-4B4A-A423-13AB9BC04F55}.Debug|Any CPU.Build.0 = Debug|Any CPU
		{C2B59B71-AE17-4B4A-A423-13AB9BC04F55}.Release|Any CPU.ActiveCfg = Release|Any CPU
		{C2B59B71-AE17-4B4A-A423-13AB9BC04F55}.Release|Any CPU.Build.0 = Release|Any CPU
	EndGlobalSection
	GlobalSection(SolutionProperties) = preSolution
		HideSolutionNode = FALSE
	EndGlobalSection
	GlobalSection(ExtensibilityGlobals) = postSolution
		SolutionGuid = {B281D8EF-6DF6-4EB9-93E8-F60A0BC14F4C}
	EndGlobalSection
EndGlobal
